
Microsoft Visual Studio Solution File, Format Version 12.00
# Visual Studio 15
Project("{FAE04EC0-301F-11D3-BF4B-00C04F79EFBC}") = "Oculus.Platform", "Oculus.Platform.csproj", "{08F7F990-A7D6-3DF3-134C-D476BC796741}"
EndProject
Project("{FAE04EC0-301F-11D3-BF4B-00C04F79EFBC}") = "Assembly-CSharp", "Assembly-CSharp.csproj", "{4873BB20-766E-C8CF-9B6B-565B2ADA4DE3}"
EndProject
Project("{FAE04EC0-301F-11D3-BF4B-00C04F79EFBC}") = "Meta.WitAi", "Meta.WitAi.csproj", "{9C150BC9-BCA1-E4DD-B9B5-8FA59B582E2E}"
EndProject
Project("{FAE04EC0-301F-11D3-BF4B-00C04F79EFBC}") = "Oculus.Spatializer", "Oculus.Spatializer.csproj", "{4FC78E9B-450D-0C39-756A-4ABDE459C172}"
EndProject
Project("{FAE04EC0-301F-11D3-BF4B-00C04F79EFBC}") = "Oculus.Interaction", "Oculus.Interaction.csproj", "{3142EAC3-B76E-B8C2-C4EB-645B85FBB9F0}"
EndProject
Project("{FAE04EC0-301F-11D3-BF4B-00C04F79EFBC}") = "Meta.Movement", "Meta.Movement.csproj", "{C59E00CB-3569-6CC6-2928-1448112AACD1}"
EndProject
Project("{FAE04EC0-301F-11D3-BF4B-00C04F79EFBC}") = "Oculus.Interaction.OVR.Samples", "Oculus.Interaction.OVR.Samples.csproj", "{934DF69B-88AC-76A2-C5BB-A0B766A3C785}"
EndProject
Project("{FAE04EC0-301F-11D3-BF4B-00C04F79EFBC}") = "Oculus.VR", "Oculus.VR.csproj", "{AAF5DE1F-92E0-FB97-DF21-A2EF0F87EE35}"
EndProject
Project("{FAE04EC0-301F-11D3-BF4B-00C04F79EFBC}") = "VoiceSDK.Dictation.Runtime", "VoiceSDK.Dictation.Runtime.csproj", "{A55E6A7B-CC32-CB61-7A39-0D7D13B79436}"
EndProject
Project("{FAE04EC0-301F-11D3-BF4B-00C04F79EFBC}") = "Meta.WitAi.TTS", "Meta.WitAi.TTS.csproj", "{E6C71553-1308-7054-0B82-920BB24F903D}"
EndProject
Project("{FAE04EC0-301F-11D3-BF4B-00C04F79EFBC}") = "Meta.WitAi.Lib", "Meta.WitAi.Lib.csproj", "{331F5697-205F-142B-EC31-08DF0DC16161}"
EndProject
Project("{FAE04EC0-301F-11D3-BF4B-00C04F79EFBC}") = "Oculus.AudioManager", "Oculus.AudioManager.csproj", "{DCC69EBF-F4C5-4B18-D998-F8419982EBD8}"
EndProject
Project("{FAE04EC0-301F-11D3-BF4B-00C04F79EFBC}") = "Meta.Voice.Hub.Runtime", "Meta.Voice.Hub.Runtime.csproj", "{4A836867-EB25-B358-46FB-703A0501A325}"
EndProject
Project("{FAE04EC0-301F-11D3-BF4B-00C04F79EFBC}") = "VoiceSDK.Runtime", "VoiceSDK.Runtime.csproj", "{278EBDD7-8803-41C0-54BE-C46794016F49}"
EndProject
Project("{FAE04EC0-301F-11D3-BF4B-00C04F79EFBC}") = "Facebook.Wit.Dictation", "Facebook.Wit.Dictation.csproj", "{34A26FFA-E7E4-13C7-4A1B-5404346FC616}"
EndProject
Project("{FAE04EC0-301F-11D3-BF4B-00C04F79EFBC}") = "Network", "Network.csproj", "{35DBC73A-28FF-4E32-97AE-6D8EB0F4076A}"
EndProject
Project("{FAE04EC0-301F-11D3-BF4B-00C04F79EFBC}") = "Meta.WitAi.TTS.Samples", "Meta.WitAi.TTS.Samples.csproj", "{09732A9C-0FD2-0C58-C47E-18C37E6E77B1}"
EndProject
Project("{FAE04EC0-301F-11D3-BF4B-00C04F79EFBC}") = "Oculus.Voice.Demo", "Oculus.Voice.Demo.csproj", "{2B0C2652-155A-A9AB-77D3-418573EC1093}"
EndProject
Project("{FAE04EC0-301F-11D3-BF4B-00C04F79EFBC}") = "Oculus.Interaction.OVR", "Oculus.Interaction.OVR.csproj", "{3A5CD68A-AF6A-2C0D-BA6E-AE4186E1CD7E}"
EndProject
Project("{FAE04EC0-301F-11D3-BF4B-00C04F79EFBC}") = "AssistantCoreSDKRuntime", "AssistantCoreSDKRuntime.csproj", "{A0F395C0-463E-B868-DFD5-8AA7188BDDAC}"
EndProject
Project("{FAE04EC0-301F-11D3-BF4B-00C04F79EFBC}") = "Meta.WitAi.Conduit", "Meta.WitAi.Conduit.csproj", "{164D4AA3-0813-08D1-C227-3C14ECE1F3FA}"
EndProject
Project("{FAE04EC0-301F-11D3-BF4B-00C04F79EFBC}") = "Oculus.LipSync", "Oculus.LipSync.csproj", "{AD70C5E7-2A2C-3A7D-0ECE-E5256EB4A9FB}"
EndProject
Project("{FAE04EC0-301F-11D3-BF4B-00C04F79EFBC}") = "Meta.VoiceSDK.Mic.Other", "Meta.VoiceSDK.Mic.Other.csproj", "{536D426A-19AD-77B5-0B2D-1410CC0754E7}"
EndProject
Project("{FAE04EC0-301F-11D3-BF4B-00C04F79EFBC}") = "Meta.VoiceSDK.Mic.Common", "Meta.VoiceSDK.Mic.Common.csproj", "{EEEDAA88-4537-DCF6-4542-4D4B6687B018}"
EndProject
Project("{FAE04EC0-301F-11D3-BF4B-00C04F79EFBC}") = "Meta.VoiceSDK.Mic.WebGL", "Meta.VoiceSDK.Mic.WebGL.csproj", "{F27BDE13-D9B4-0F61-4ED4-694DF395922E}"
EndProject
Project("{FAE04EC0-301F-11D3-BF4B-00C04F79EFBC}") = "Meta.WitAi.Editor", "Meta.WitAi.Editor.csproj", "{A73C655B-655D-0D31-D2D2-9B771A781472}"
EndProject
Project("{FAE04EC0-301F-11D3-BF4B-00C04F79EFBC}") = "Meta.WitAi.Conduit.Editor", "Meta.WitAi.Conduit.Editor.csproj", "{928E94A7-1DEA-2B44-25D6-D46D7B19575A}"
EndProject
Project("{FAE04EC0-301F-11D3-BF4B-00C04F79EFBC}") = "Oculus.Interaction.Editor", "Oculus.Interaction.Editor.csproj", "{D4E4BFEC-58FB-5E4C-219E-3E874815084D}"
EndProject
Project("{FAE04EC0-301F-11D3-BF4B-00C04F79EFBC}") = "Meta.Voice.Hub.Editor", "Meta.Voice.Hub.Editor.csproj", "{C9FA66F4-66C3-B4B4-C3D3-49CDF1D8696B}"
EndProject
Project("{FAE04EC0-301F-11D3-BF4B-00C04F79EFBC}") = "Meta.WitAI.Lib.Editor", "Meta.WitAI.Lib.Editor.csproj", "{44FB0264-E44D-3491-C46C-4DCC0C05AA7C}"
EndProject
Project("{FAE04EC0-301F-11D3-BF4B-00C04F79EFBC}") = "Oculus.VR.Editor", "Oculus.VR.Editor.csproj", "{28B58C9B-D87B-CEDB-BDED-5B71A3CA3CEB}"
EndProject
Project("{FAE04EC0-301F-11D3-BF4B-00C04F79EFBC}") = "Meta.Movement.Editor", "Meta.Movement.Editor.csproj", "{8F6CEB41-A93C-0CC3-93D4-79EE93CD450A}"
EndProject
Project("{FAE04EC0-301F-11D3-BF4B-00C04F79EFBC}") = "Oculus.Interaction.OVR.Editor", "Oculus.Interaction.OVR.Editor.csproj", "{253AA433-E811-84A3-AF8B-EBBEE1DAB049}"
EndProject
Project("{FAE04EC0-301F-11D3-BF4B-00C04F79EFBC}") = "Assembly-CSharp-Editor", "Assembly-CSharp-Editor.csproj", "{437B3F5B-1AF2-0C96-69F3-ECDC2B28C11B}"
EndProject
Project("{FAE04EC0-301F-11D3-BF4B-00C04F79EFBC}") = "Oculus.Interaction.Samples.Editor", "Oculus.Interaction.Samples.Editor.csproj", "{82AF8653-4819-94F4-6089-67FE5FC47AB6}"
EndProject
Project("{FAE04EC0-301F-11D3-BF4B-00C04F79EFBC}") = "Oculus.VR.Scripts.Editor", "Oculus.VR.Scripts.Editor.csproj", "{44BE8509-818B-3839-FA39-1C5C5D272D54}"
EndProject
Project("{FAE04EC0-301F-11D3-BF4B-00C04F79EFBC}") = "VoiceSDK.Editor", "VoiceSDK.Editor.csproj", "{88CA2A57-01C7-7418-8E7E-437CFB6F0077}"
EndProject
Project("{FAE04EC0-301F-11D3-BF4B-00C04F79EFBC}") = "Oculus.Spatializer.Editor", "Oculus.Spatializer.Editor.csproj", "{EBAE74EE-119B-4671-D902-D5727342CBF2}"
EndProject
Project("{FAE04EC0-301F-11D3-BF4B-00C04F79EFBC}") = "Meta.WitAi.TTS.Editor", "Meta.WitAi.TTS.Editor.csproj", "{11CDCC6C-9A38-DF61-324F-FA5BA182BF28}"
EndProject
Project("{FAE04EC0-301F-11D3-BF4B-00C04F79EFBC}") = "Facebook.Wit.Dictation.Editor", "Facebook.Wit.Dictation.Editor.csproj", "{D7CC3BCE-DD49-7B84-55F2-BB4F4BF7873B}"
EndProject
Project("{FAE04EC0-301F-11D3-BF4B-00C04F79EFBC}") = "Oculus.Platform.Editor", "Oculus.Platform.Editor.csproj", "{A0562818-35D3-8CF1-8E35-237440F4A068}"
EndProject
Project("{FAE04EC0-301F-11D3-BF4B-00C04F79EFBC}") = "VoiceSDK.Dictation.Editor", "VoiceSDK.Dictation.Editor.csproj", "{67910158-7ED2-FE58-5998-3382DBB4E7AF}"
EndProject
Project("{FAE04EC0-301F-11D3-BF4B-00C04F79EFBC}") = "Oculus.AudioManager.Audio.Editor", "Oculus.AudioManager.Audio.Editor.csproj", "{720E038E-DD8B-1E5D-8639-AE929C526838}"
EndProject
Project("{FAE04EC0-301F-11D3-BF4B-00C04F79EFBC}") = "Oculus.Interaction.InterfaceSupport", "Oculus.Interaction.InterfaceSupport.csproj", "{338EBA32-55FB-0F8A-7439-F1914C4E0EAC}"
EndProject
Project("{FAE04EC0-301F-11D3-BF4B-00C04F79EFBC}") = "Oculus.LipSync.Editor", "Oculus.LipSync.Editor.csproj", "{93B7B818-E6B6-7A9B-A3C2-36BBA79C8A4B}"
EndProject
Project("{FAE04EC0-301F-11D3-BF4B-00C04F79EFBC}") = "Meta.Voice.VSDKHub.Editor", "Meta.Voice.VSDKHub.Editor.csproj", "{EDE0077A-46E7-AD4B-51DF-A3C345F7046A}"
EndProject
Project("{FAE04EC0-301F-11D3-BF4B-00C04F79EFBC}") = "AssistantCoreSDKEditor", "AssistantCoreSDKEditor.csproj", "{8BE11807-C5F2-9361-7815-E585C5E57F36}"
EndProject
Project("{FAE04EC0-301F-11D3-BF4B-00C04F79EFBC}") = "Oculus.AudioManager.Utils.Editor", "Oculus.AudioManager.Utils.Editor.csproj", "{CEA714DC-A03A-8413-69ED-6AB01F72480A}"
EndProject
Global
	GlobalSection(SolutionConfigurationPlatforms) = preSolution
		Debug|Any CPU = Debug|Any CPU
		Release|Any CPU = Release|Any CPU
	EndGlobalSection
	GlobalSection(ProjectConfigurationPlatforms) = postSolution
		{08F7F990-A7D6-3DF3-134C-D476BC796741}.Debug|Any CPU.ActiveCfg = Debug|Any CPU
		{08F7F990-A7D6-3DF3-134C-D476BC796741}.Debug|Any CPU.Build.0 = Debug|Any CPU
		{08F7F990-A7D6-3DF3-134C-D476BC796741}.Release|Any CPU.ActiveCfg = Release|Any CPU
		{08F7F990-A7D6-3DF3-134C-D476BC796741}.Release|Any CPU.Build.0 = Release|Any CPU
		{4873BB20-766E-C8CF-9B6B-565B2ADA4DE3}.Debug|Any CPU.ActiveCfg = Debug|Any CPU
		{4873BB20-766E-C8CF-9B6B-565B2ADA4DE3}.Debug|Any CPU.Build.0 = Debug|Any CPU
		{4873BB20-766E-C8CF-9B6B-565B2ADA4DE3}.Release|Any CPU.ActiveCfg = Release|Any CPU
		{4873BB20-766E-C8CF-9B6B-565B2ADA4DE3}.Release|Any CPU.Build.0 = Release|Any CPU
		{9C150BC9-BCA1-E4DD-B9B5-8FA59B582E2E}.Debug|Any CPU.ActiveCfg = Debug|Any CPU
		{9C150BC9-BCA1-E4DD-B9B5-8FA59B582E2E}.Debug|Any CPU.Build.0 = Debug|Any CPU
		{9C150BC9-BCA1-E4DD-B9B5-8FA59B582E2E}.Release|Any CPU.ActiveCfg = Release|Any CPU
		{9C150BC9-BCA1-E4DD-B9B5-8FA59B582E2E}.Release|Any CPU.Build.0 = Release|Any CPU
		{4FC78E9B-450D-0C39-756A-4ABDE459C172}.Debug|Any CPU.ActiveCfg = Debug|Any CPU
		{4FC78E9B-450D-0C39-756A-4ABDE459C172}.Debug|Any CPU.Build.0 = Debug|Any CPU
		{4FC78E9B-450D-0C39-756A-4ABDE459C172}.Release|Any CPU.ActiveCfg = Release|Any CPU
		{4FC78E9B-450D-0C39-756A-4ABDE459C172}.Release|Any CPU.Build.0 = Release|Any CPU
		{3142EAC3-B76E-B8C2-C4EB-645B85FBB9F0}.Debug|Any CPU.ActiveCfg = Debug|Any CPU
		{3142EAC3-B76E-B8C2-C4EB-645B85FBB9F0}.Debug|Any CPU.Build.0 = Debug|Any CPU
		{3142EAC3-B76E-B8C2-C4EB-645B85FBB9F0}.Release|Any CPU.ActiveCfg = Release|Any CPU
		{3142EAC3-B76E-B8C2-C4EB-645B85FBB9F0}.Release|Any CPU.Build.0 = Release|Any CPU
		{C59E00CB-3569-6CC6-2928-1448112AACD1}.Debug|Any CPU.ActiveCfg = Debug|Any CPU
		{C59E00CB-3569-6CC6-2928-1448112AACD1}.Debug|Any CPU.Build.0 = Debug|Any CPU
		{C59E00CB-3569-6CC6-2928-1448112AACD1}.Release|Any CPU.ActiveCfg = Release|Any CPU
		{C59E00CB-3569-6CC6-2928-1448112AACD1}.Release|Any CPU.Build.0 = Release|Any CPU
		{934DF69B-88AC-76A2-C5BB-A0B766A3C785}.Debug|Any CPU.ActiveCfg = Debug|Any CPU
		{934DF69B-88AC-76A2-C5BB-A0B766A3C785}.Debug|Any CPU.Build.0 = Debug|Any CPU
		{934DF69B-88AC-76A2-C5BB-A0B766A3C785}.Release|Any CPU.ActiveCfg = Release|Any CPU
		{934DF69B-88AC-76A2-C5BB-A0B766A3C785}.Release|Any CPU.Build.0 = Release|Any CPU
		{AAF5DE1F-92E0-FB97-DF21-A2EF0F87EE35}.Debug|Any CPU.ActiveCfg = Debug|Any CPU
		{AAF5DE1F-92E0-FB97-DF21-A2EF0F87EE35}.Debug|Any CPU.Build.0 = Debug|Any CPU
		{AAF5DE1F-92E0-FB97-DF21-A2EF0F87EE35}.Release|Any CPU.ActiveCfg = Release|Any CPU
		{AAF5DE1F-92E0-FB97-DF21-A2EF0F87EE35}.Release|Any CPU.Build.0 = Release|Any CPU
		{A55E6A7B-CC32-CB61-7A39-0D7D13B79436}.Debug|Any CPU.ActiveCfg = Debug|Any CPU
		{A55E6A7B-CC32-CB61-7A39-0D7D13B79436}.Debug|Any CPU.Build.0 = Debug|Any CPU
		{A55E6A7B-CC32-CB61-7A39-0D7D13B79436}.Release|Any CPU.ActiveCfg = Release|Any CPU
		{A55E6A7B-CC32-CB61-7A39-0D7D13B79436}.Release|Any CPU.Build.0 = Release|Any CPU
		{E6C71553-1308-7054-0B82-920BB24F903D}.Debug|Any CPU.ActiveCfg = Debug|Any CPU
		{E6C71553-1308-7054-0B82-920BB24F903D}.Debug|Any CPU.Build.0 = Debug|Any CPU
		{E6C71553-1308-7054-0B82-920BB24F903D}.Release|Any CPU.ActiveCfg = Release|Any CPU
		{E6C71553-1308-7054-0B82-920BB24F903D}.Release|Any CPU.Build.0 = Release|Any CPU
		{331F5697-205F-142B-EC31-08DF0DC16161}.Debug|Any CPU.ActiveCfg = Debug|Any CPU
		{331F5697-205F-142B-EC31-08DF0DC16161}.Debug|Any CPU.Build.0 = Debug|Any CPU
		{331F5697-205F-142B-EC31-08DF0DC16161}.Release|Any CPU.ActiveCfg = Release|Any CPU
		{331F5697-205F-142B-EC31-08DF0DC16161}.Release|Any CPU.Build.0 = Release|Any CPU
		{DCC69EBF-F4C5-4B18-D998-F8419982EBD8}.Debug|Any CPU.ActiveCfg = Debug|Any CPU
		{DCC69EBF-F4C5-4B18-D998-F8419982EBD8}.Debug|Any CPU.Build.0 = Debug|Any CPU
		{DCC69EBF-F4C5-4B18-D998-F8419982EBD8}.Release|Any CPU.ActiveCfg = Release|Any CPU
		{DCC69EBF-F4C5-4B18-D998-F8419982EBD8}.Release|Any CPU.Build.0 = Release|Any CPU
		{4A836867-EB25-B358-46FB-703A0501A325}.Debug|Any CPU.ActiveCfg = Debug|Any CPU
		{4A836867-EB25-B358-46FB-703A0501A325}.Debug|Any CPU.Build.0 = Debug|Any CPU
		{4A836867-EB25-B358-46FB-703A0501A325}.Release|Any CPU.ActiveCfg = Release|Any CPU
		{4A836867-EB25-B358-46FB-703A0501A325}.Release|Any CPU.Build.0 = Release|Any CPU
		{278EBDD7-8803-41C0-54BE-C46794016F49}.Debug|Any CPU.ActiveCfg = Debug|Any CPU
		{278EBDD7-8803-41C0-54BE-C46794016F49}.Debug|Any CPU.Build.0 = Debug|Any CPU
		{278EBDD7-8803-41C0-54BE-C46794016F49}.Release|Any CPU.ActiveCfg = Release|Any CPU
		{278EBDD7-8803-41C0-54BE-C46794016F49}.Release|Any CPU.Build.0 = Release|Any CPU
		{34A26FFA-E7E4-13C7-4A1B-5404346FC616}.Debug|Any CPU.ActiveCfg = Debug|Any CPU
		{34A26FFA-E7E4-13C7-4A1B-5404346FC616}.Debug|Any CPU.Build.0 = Debug|Any CPU
		{34A26FFA-E7E4-13C7-4A1B-5404346FC616}.Release|Any CPU.ActiveCfg = Release|Any CPU
		{34A26FFA-E7E4-13C7-4A1B-5404346FC616}.Release|Any CPU.Build.0 = Release|Any CPU
		{35DBC73A-28FF-4E32-97AE-6D8EB0F4076A}.Debug|Any CPU.ActiveCfg = Debug|Any CPU
		{35DBC73A-28FF-4E32-97AE-6D8EB0F4076A}.Debug|Any CPU.Build.0 = Debug|Any CPU
		{35DBC73A-28FF-4E32-97AE-6D8EB0F4076A}.Release|Any CPU.ActiveCfg = Release|Any CPU
		{35DBC73A-28FF-4E32-97AE-6D8EB0F4076A}.Release|Any CPU.Build.0 = Release|Any CPU
		{09732A9C-0FD2-0C58-C47E-18C37E6E77B1}.Debug|Any CPU.ActiveCfg = Debug|Any CPU
		{09732A9C-0FD2-0C58-C47E-18C37E6E77B1}.Debug|Any CPU.Build.0 = Debug|Any CPU
		{09732A9C-0FD2-0C58-C47E-18C37E6E77B1}.Release|Any CPU.ActiveCfg = Release|Any CPU
		{09732A9C-0FD2-0C58-C47E-18C37E6E77B1}.Release|Any CPU.Build.0 = Release|Any CPU
		{2B0C2652-155A-A9AB-77D3-418573EC1093}.Debug|Any CPU.ActiveCfg = Debug|Any CPU
		{2B0C2652-155A-A9AB-77D3-418573EC1093}.Debug|Any CPU.Build.0 = Debug|Any CPU
		{2B0C2652-155A-A9AB-77D3-418573EC1093}.Release|Any CPU.ActiveCfg = Release|Any CPU
		{2B0C2652-155A-A9AB-77D3-418573EC1093}.Release|Any CPU.Build.0 = Release|Any CPU
		{3A5CD68A-AF6A-2C0D-BA6E-AE4186E1CD7E}.Debug|Any CPU.ActiveCfg = Debug|Any CPU
		{3A5CD68A-AF6A-2C0D-BA6E-AE4186E1CD7E}.Debug|Any CPU.Build.0 = Debug|Any CPU
		{3A5CD68A-AF6A-2C0D-BA6E-AE4186E1CD7E}.Release|Any CPU.ActiveCfg = Release|Any CPU
		{3A5CD68A-AF6A-2C0D-BA6E-AE4186E1CD7E}.Release|Any CPU.Build.0 = Release|Any CPU
		{A0F395C0-463E-B868-DFD5-8AA7188BDDAC}.Debug|Any CPU.ActiveCfg = Debug|Any CPU
		{A0F395C0-463E-B868-DFD5-8AA7188BDDAC}.Debug|Any CPU.Build.0 = Debug|Any CPU
		{A0F395C0-463E-B868-DFD5-8AA7188BDDAC}.Release|Any CPU.ActiveCfg = Release|Any CPU
		{A0F395C0-463E-B868-DFD5-8AA7188BDDAC}.Release|Any CPU.Build.0 = Release|Any CPU
		{164D4AA3-0813-08D1-C227-3C14ECE1F3FA}.Debug|Any CPU.ActiveCfg = Debug|Any CPU
		{164D4AA3-0813-08D1-C227-3C14ECE1F3FA}.Debug|Any CPU.Build.0 = Debug|Any CPU
		{164D4AA3-0813-08D1-C227-3C14ECE1F3FA}.Release|Any CPU.ActiveCfg = Release|Any CPU
		{164D4AA3-0813-08D1-C227-3C14ECE1F3FA}.Release|Any CPU.Build.0 = Release|Any CPU
		{AD70C5E7-2A2C-3A7D-0ECE-E5256EB4A9FB}.Debug|Any CPU.ActiveCfg = Debug|Any CPU
		{AD70C5E7-2A2C-3A7D-0ECE-E5256EB4A9FB}.Debug|Any CPU.Build.0 = Debug|Any CPU
		{AD70C5E7-2A2C-3A7D-0ECE-E5256EB4A9FB}.Release|Any CPU.ActiveCfg = Release|Any CPU
		{AD70C5E7-2A2C-3A7D-0ECE-E5256EB4A9FB}.Release|Any CPU.Build.0 = Release|Any CPU
		{536D426A-19AD-77B5-0B2D-1410CC0754E7}.Debug|Any CPU.ActiveCfg = Debug|Any CPU
		{536D426A-19AD-77B5-0B2D-1410CC0754E7}.Debug|Any CPU.Build.0 = Debug|Any CPU
		{536D426A-19AD-77B5-0B2D-1410CC0754E7}.Release|Any CPU.ActiveCfg = Release|Any CPU
		{536D426A-19AD-77B5-0B2D-1410CC0754E7}.Release|Any CPU.Build.0 = Release|Any CPU
		{EEEDAA88-4537-DCF6-4542-4D4B6687B018}.Debug|Any CPU.ActiveCfg = Debug|Any CPU
		{EEEDAA88-4537-DCF6-4542-4D4B6687B018}.Debug|Any CPU.Build.0 = Debug|Any CPU
		{EEEDAA88-4537-DCF6-4542-4D4B6687B018}.Release|Any CPU.ActiveCfg = Release|Any CPU
		{EEEDAA88-4537-DCF6-4542-4D4B6687B018}.Release|Any CPU.Build.0 = Release|Any CPU
		{F27BDE13-D9B4-0F61-4ED4-694DF395922E}.Debug|Any CPU.ActiveCfg = Debug|Any CPU
		{F27BDE13-D9B4-0F61-4ED4-694DF395922E}.Debug|Any CPU.Build.0 = Debug|Any CPU
		{F27BDE13-D9B4-0F61-4ED4-694DF395922E}.Release|Any CPU.ActiveCfg = Release|Any CPU
		{F27BDE13-D9B4-0F61-4ED4-694DF395922E}.Release|Any CPU.Build.0 = Release|Any CPU
		{A73C655B-655D-0D31-D2D2-9B771A781472}.Debug|Any CPU.ActiveCfg = Debug|Any CPU
		{A73C655B-655D-0D31-D2D2-9B771A781472}.Debug|Any CPU.Build.0 = Debug|Any CPU
		{A73C655B-655D-0D31-D2D2-9B771A781472}.Release|Any CPU.ActiveCfg = Release|Any CPU
		{A73C655B-655D-0D31-D2D2-9B771A781472}.Release|Any CPU.Build.0 = Release|Any CPU
		{928E94A7-1DEA-2B44-25D6-D46D7B19575A}.Debug|Any CPU.ActiveCfg = Debug|Any CPU
		{928E94A7-1DEA-2B44-25D6-D46D7B19575A}.Debug|Any CPU.Build.0 = Debug|Any CPU
		{928E94A7-1DEA-2B44-25D6-D46D7B19575A}.Release|Any CPU.ActiveCfg = Release|Any CPU
		{928E94A7-1DEA-2B44-25D6-D46D7B19575A}.Release|Any CPU.Build.0 = Release|Any CPU
		{D4E4BFEC-58FB-5E4C-219E-3E874815084D}.Debug|Any CPU.ActiveCfg = Debug|Any CPU
		{D4E4BFEC-58FB-5E4C-219E-3E874815084D}.Debug|Any CPU.Build.0 = Debug|Any CPU
		{D4E4BFEC-58FB-5E4C-219E-3E874815084D}.Release|Any CPU.ActiveCfg = Release|Any CPU
		{D4E4BFEC-58FB-5E4C-219E-3E874815084D}.Release|Any CPU.Build.0 = Release|Any CPU
		{C9FA66F4-66C3-B4B4-C3D3-49CDF1D8696B}.Debug|Any CPU.ActiveCfg = Debug|Any CPU
		{C9FA66F4-66C3-B4B4-C3D3-49CDF1D8696B}.Debug|Any CPU.Build.0 = Debug|Any CPU
		{C9FA66F4-66C3-B4B4-C3D3-49CDF1D8696B}.Release|Any CPU.ActiveCfg = Release|Any CPU
		{C9FA66F4-66C3-B4B4-C3D3-49CDF1D8696B}.Release|Any CPU.Build.0 = Release|Any CPU
		{44FB0264-E44D-3491-C46C-4DCC0C05AA7C}.Debug|Any CPU.ActiveCfg = Debug|Any CPU
		{44FB0264-E44D-3491-C46C-4DCC0C05AA7C}.Debug|Any CPU.Build.0 = Debug|Any CPU
		{44FB0264-E44D-3491-C46C-4DCC0C05AA7C}.Release|Any CPU.ActiveCfg = Release|Any CPU
		{44FB0264-E44D-3491-C46C-4DCC0C05AA7C}.Release|Any CPU.Build.0 = Release|Any CPU
		{28B58C9B-D87B-CEDB-BDED-5B71A3CA3CEB}.Debug|Any CPU.ActiveCfg = Debug|Any CPU
		{28B58C9B-D87B-CEDB-BDED-5B71A3CA3CEB}.Debug|Any CPU.Build.0 = Debug|Any CPU
		{28B58C9B-D87B-CEDB-BDED-5B71A3CA3CEB}.Release|Any CPU.ActiveCfg = Release|Any CPU
		{28B58C9B-D87B-CEDB-BDED-5B71A3CA3CEB}.Release|Any CPU.Build.0 = Release|Any CPU
		{8F6CEB41-A93C-0CC3-93D4-79EE93CD450A}.Debug|Any CPU.ActiveCfg = Debug|Any CPU
		{8F6CEB41-A93C-0CC3-93D4-79EE93CD450A}.Debug|Any CPU.Build.0 = Debug|Any CPU
		{8F6CEB41-A93C-0CC3-93D4-79EE93CD450A}.Release|Any CPU.ActiveCfg = Release|Any CPU
		{8F6CEB41-A93C-0CC3-93D4-79EE93CD450A}.Release|Any CPU.Build.0 = Release|Any CPU
		{253AA433-E811-84A3-AF8B-EBBEE1DAB049}.Debug|Any CPU.ActiveCfg = Debug|Any CPU
		{253AA433-E811-84A3-AF8B-EBBEE1DAB049}.Debug|Any CPU.Build.0 = Debug|Any CPU
		{253AA433-E811-84A3-AF8B-EBBEE1DAB049}.Release|Any CPU.ActiveCfg = Release|Any CPU
		{253AA433-E811-84A3-AF8B-EBBEE1DAB049}.Release|Any CPU.Build.0 = Release|Any CPU
		{437B3F5B-1AF2-0C96-69F3-ECDC2B28C11B}.Debug|Any CPU.ActiveCfg = Debug|Any CPU
		{437B3F5B-1AF2-0C96-69F3-ECDC2B28C11B}.Debug|Any CPU.Build.0 = Debug|Any CPU
		{437B3F5B-1AF2-0C96-69F3-ECDC2B28C11B}.Release|Any CPU.ActiveCfg = Release|Any CPU
		{437B3F5B-1AF2-0C96-69F3-ECDC2B28C11B}.Release|Any CPU.Build.0 = Release|Any CPU
		{82AF8653-4819-94F4-6089-67FE5FC47AB6}.Debug|Any CPU.ActiveCfg = Debug|Any CPU
		{82AF8653-4819-94F4-6089-67FE5FC47AB6}.Debug|Any CPU.Build.0 = Debug|Any CPU
		{82AF8653-4819-94F4-6089-67FE5FC47AB6}.Release|Any CPU.ActiveCfg = Release|Any CPU
		{82AF8653-4819-94F4-6089-67FE5FC47AB6}.Release|Any CPU.Build.0 = Release|Any CPU
		{44BE8509-818B-3839-FA39-1C5C5D272D54}.Debug|Any CPU.ActiveCfg = Debug|Any CPU
		{44BE8509-818B-3839-FA39-1C5C5D272D54}.Debug|Any CPU.Build.0 = Debug|Any CPU
		{44BE8509-818B-3839-FA39-1C5C5D272D54}.Release|Any CPU.ActiveCfg = Release|Any CPU
		{44BE8509-818B-3839-FA39-1C5C5D272D54}.Release|Any CPU.Build.0 = Release|Any CPU
		{88CA2A57-01C7-7418-8E7E-437CFB6F0077}.Debug|Any CPU.ActiveCfg = Debug|Any CPU
		{88CA2A57-01C7-7418-8E7E-437CFB6F0077}.Debug|Any CPU.Build.0 = Debug|Any CPU
		{88CA2A57-01C7-7418-8E7E-437CFB6F0077}.Release|Any CPU.ActiveCfg = Release|Any CPU
		{88CA2A57-01C7-7418-8E7E-437CFB6F0077}.Release|Any CPU.Build.0 = Release|Any CPU
		{EBAE74EE-119B-4671-D902-D5727342CBF2}.Debug|Any CPU.ActiveCfg = Debug|Any CPU
		{EBAE74EE-119B-4671-D902-D5727342CBF2}.Debug|Any CPU.Build.0 = Debug|Any CPU
		{EBAE74EE-119B-4671-D902-D5727342CBF2}.Release|Any CPU.ActiveCfg = Release|Any CPU
		{EBAE74EE-119B-4671-D902-D5727342CBF2}.Release|Any CPU.Build.0 = Release|Any CPU
		{11CDCC6C-9A38-DF61-324F-FA5BA182BF28}.Debug|Any CPU.ActiveCfg = Debug|Any CPU
		{11CDCC6C-9A38-DF61-324F-FA5BA182BF28}.Debug|Any CPU.Build.0 = Debug|Any CPU
		{11CDCC6C-9A38-DF61-324F-FA5BA182BF28}.Release|Any CPU.ActiveCfg = Release|Any CPU
		{11CDCC6C-9A38-DF61-324F-FA5BA182BF28}.Release|Any CPU.Build.0 = Release|Any CPU
		{D7CC3BCE-DD49-7B84-55F2-BB4F4BF7873B}.Debug|Any CPU.ActiveCfg = Debug|Any CPU
		{D7CC3BCE-DD49-7B84-55F2-BB4F4BF7873B}.Debug|Any CPU.Build.0 = Debug|Any CPU
		{D7CC3BCE-DD49-7B84-55F2-BB4F4BF7873B}.Release|Any CPU.ActiveCfg = Release|Any CPU
		{D7CC3BCE-DD49-7B84-55F2-BB4F4BF7873B}.Release|Any CPU.Build.0 = Release|Any CPU
		{A0562818-35D3-8CF1-8E35-237440F4A068}.Debug|Any CPU.ActiveCfg = Debug|Any CPU
		{A0562818-35D3-8CF1-8E35-237440F4A068}.Debug|Any CPU.Build.0 = Debug|Any CPU
		{A0562818-35D3-8CF1-8E35-237440F4A068}.Release|Any CPU.ActiveCfg = Release|Any CPU
		{A0562818-35D3-8CF1-8E35-237440F4A068}.Release|Any CPU.Build.0 = Release|Any CPU
		{67910158-7ED2-FE58-5998-3382DBB4E7AF}.Debug|Any CPU.ActiveCfg = Debug|Any CPU
		{67910158-7ED2-FE58-5998-3382DBB4E7AF}.Debug|Any CPU.Build.0 = Debug|Any CPU
		{67910158-7ED2-FE58-5998-3382DBB4E7AF}.Release|Any CPU.ActiveCfg = Release|Any CPU
		{67910158-7ED2-FE58-5998-3382DBB4E7AF}.Release|Any CPU.Build.0 = Release|Any CPU
		{720E038E-DD8B-1E5D-8639-AE929C526838}.Debug|Any CPU.ActiveCfg = Debug|Any CPU
		{720E038E-DD8B-1E5D-8639-AE929C526838}.Debug|Any CPU.Build.0 = Debug|Any CPU
		{720E038E-DD8B-1E5D-8639-AE929C526838}.Release|Any CPU.ActiveCfg = Release|Any CPU
		{720E038E-DD8B-1E5D-8639-AE929C526838}.Release|Any CPU.Build.0 = Release|Any CPU
		{338EBA32-55FB-0F8A-7439-F1914C4E0EAC}.Debug|Any CPU.ActiveCfg = Debug|Any CPU
		{338EBA32-55FB-0F8A-7439-F1914C4E0EAC}.Debug|Any CPU.Build.0 = Debug|Any CPU
		{338EBA32-55FB-0F8A-7439-F1914C4E0EAC}.Release|Any CPU.ActiveCfg = Release|Any CPU
		{338EBA32-55FB-0F8A-7439-F1914C4E0EAC}.Release|Any CPU.Build.0 = Release|Any CPU
		{93B7B818-E6B6-7A9B-A3C2-36BBA79C8A4B}.Debug|Any CPU.ActiveCfg = Debug|Any CPU
		{93B7B818-E6B6-7A9B-A3C2-36BBA79C8A4B}.Debug|Any CPU.Build.0 = Debug|Any CPU
		{93B7B818-E6B6-7A9B-A3C2-36BBA79C8A4B}.Release|Any CPU.ActiveCfg = Release|Any CPU
		{93B7B818-E6B6-7A9B-A3C2-36BBA79C8A4B}.Release|Any CPU.Build.0 = Release|Any CPU
		{EDE0077A-46E7-AD4B-51DF-A3C345F7046A}.Debug|Any CPU.ActiveCfg = Debug|Any CPU
		{EDE0077A-46E7-AD4B-51DF-A3C345F7046A}.Debug|Any CPU.Build.0 = Debug|Any CPU
		{EDE0077A-46E7-AD4B-51DF-A3C345F7046A}.Release|Any CPU.ActiveCfg = Release|Any CPU
		{EDE0077A-46E7-AD4B-51DF-A3C345F7046A}.Release|Any CPU.Build.0 = Release|Any CPU
		{8BE11807-C5F2-9361-7815-E585C5E57F36}.Debug|Any CPU.ActiveCfg = Debug|Any CPU
		{8BE11807-C5F2-9361-7815-E585C5E57F36}.Debug|Any CPU.Build.0 = Debug|Any CPU
		{8BE11807-C5F2-9361-7815-E585C5E57F36}.Release|Any CPU.ActiveCfg = Release|Any CPU
		{8BE11807-C5F2-9361-7815-E585C5E57F36}.Release|Any CPU.Build.0 = Release|Any CPU
		{CEA714DC-A03A-8413-69ED-6AB01F72480A}.Debug|Any CPU.ActiveCfg = Debug|Any CPU
		{CEA714DC-A03A-8413-69ED-6AB01F72480A}.Debug|Any CPU.Build.0 = Debug|Any CPU
		{CEA714DC-A03A-8413-69ED-6AB01F72480A}.Release|Any CPU.ActiveCfg = Release|Any CPU
		{CEA714DC-A03A-8413-69ED-6AB01F72480A}.Release|Any CPU.Build.0 = Release|Any CPU
	EndGlobalSection
	GlobalSection(SolutionProperties) = preSolution
		HideSolutionNode = FALSE
	EndGlobalSection
EndGlobal
