
Microsoft Visual Studio Solution File, Format Version 12.00
# Visual Studio 15
Project("{FAE04EC0-301F-11D3-BF4B-00C04F79EFBC}") = "Oculus.Platform", "Oculus.Platform.csproj", "{1ABEBEEE-EB41-D32A-161F-848562FFAB6D}"
EndProject
Project("{FAE04EC0-301F-11D3-BF4B-00C04F79EFBC}") = "Assembly-CSharp", "Assembly-CSharp.csproj", "{A00E1577-F6E6-0E73-FD55-CD8442E5F946}"
EndProject
Project("{FAE04EC0-301F-11D3-BF4B-00C04F79EFBC}") = "Meta.WitAi", "Meta.WitAi.csproj", "{2CA580C6-EDC7-B080-5697-7ED6DB9FAAF5}"
EndProject
Project("{FAE04EC0-301F-11D3-BF4B-00C04F79EFBC}") = "Oculus.Spatializer", "Oculus.Spatializer.csproj", "{774C2B57-4CAE-11E4-A74A-FD772445190D}"
EndProject
Project("{FAE04EC0-301F-11D3-BF4B-00C04F79EFBC}") = "Oculus.Interaction", "Oculus.Interaction.csproj", "{11A6B85F-365A-3680-3793-F24952C0473B}"
EndProject
Project("{FAE04EC0-301F-11D3-BF4B-00C04F79EFBC}") = "Meta.Movement", "Meta.Movement.csproj", "{36EBDC56-680F-647E-C017-BC1BA714FC77}"
EndProject
Project("{FAE04EC0-301F-11D3-BF4B-00C04F79EFBC}") = "Oculus.Interaction.OVR.Samples", "Oculus.Interaction.OVR.Samples.csproj", "{7BDC0146-C8A9-4314-9874-35B677817775}"
EndProject
Project("{FAE04EC0-301F-11D3-BF4B-00C04F79EFBC}") = "Oculus.VR", "Oculus.VR.csproj", "{66214B7D-838C-8AB5-657E-644C7C6237B0}"
EndProject
Project("{FAE04EC0-301F-11D3-BF4B-00C04F79EFBC}") = "VoiceSDK.Dictation.Runtime", "VoiceSDK.Dictation.Runtime.csproj", "{AA134B36-84C8-B083-6FE6-3375FA41709A}"
EndProject
Project("{FAE04EC0-301F-11D3-BF4B-00C04F79EFBC}") = "Meta.WitAi.TTS", "Meta.WitAi.TTS.csproj", "{D854FD7C-ED18-8AD8-C07A-D337F716B62E}"
EndProject
Project("{FAE04EC0-301F-11D3-BF4B-00C04F79EFBC}") = "Meta.WitAi.Lib", "Meta.WitAi.Lib.csproj", "{5417E973-A677-EE5E-9494-95F5570E6C78}"
EndProject
Project("{FAE04EC0-301F-11D3-BF4B-00C04F79EFBC}") = "Oculus.AudioManager", "Oculus.AudioManager.csproj", "{47985789-BD09-6E75-6FFA-AA8106E7A8F1}"
EndProject
Project("{FAE04EC0-301F-11D3-BF4B-00C04F79EFBC}") = "Meta.Voice.Hub.Runtime", "Meta.Voice.Hub.Runtime.csproj", "{105BF4F3-663A-109D-7415-0157AA64212D}"
EndProject
Project("{FAE04EC0-301F-11D3-BF4B-00C04F79EFBC}") = "VoiceSDK.Runtime", "VoiceSDK.Runtime.csproj", "{FA9E01BC-5C8F-8587-E158-2E267023D467}"
EndProject
Project("{FAE04EC0-301F-11D3-BF4B-00C04F79EFBC}") = "Facebook.Wit.Dictation", "Facebook.Wit.Dictation.csproj", "{FB43D3AC-06FD-0BDC-4F5C-2D57670D2611}"
EndProject
Project("{FAE04EC0-301F-11D3-BF4B-00C04F79EFBC}") = "Network", "Network.csproj", "{F4CFC1C7-4D55-1F5C-2287-60C4577FD4EA}"
EndProject
Project("{FAE04EC0-301F-11D3-BF4B-00C04F79EFBC}") = "Meta.WitAi.TTS.Samples", "Meta.WitAi.TTS.Samples.csproj", "{CE3C13D7-5E64-E844-7366-3FDDB224AB43}"
EndProject
Project("{FAE04EC0-301F-11D3-BF4B-00C04F79EFBC}") = "Oculus.Voice.Demo", "Oculus.Voice.Demo.csproj", "{19D1EDFE-B26E-CD4C-75FA-3162A2D7443C}"
EndProject
Project("{FAE04EC0-301F-11D3-BF4B-00C04F79EFBC}") = "Oculus.Interaction.OVR", "Oculus.Interaction.OVR.csproj", "{C6C5611C-8873-2975-9410-07499F86ACBC}"
EndProject
Project("{FAE04EC0-301F-11D3-BF4B-00C04F79EFBC}") = "AssistantCoreSDKRuntime", "AssistantCoreSDKRuntime.csproj", "{2F581628-5D13-BDC9-0AB0-A0052615EB5D}"
EndProject
Project("{FAE04EC0-301F-11D3-BF4B-00C04F79EFBC}") = "Meta.WitAi.Conduit", "Meta.WitAi.Conduit.csproj", "{7DA45454-8C5F-AEA1-20B1-36EB8567E63D}"
EndProject
Project("{FAE04EC0-301F-11D3-BF4B-00C04F79EFBC}") = "Oculus.LipSync", "Oculus.LipSync.csproj", "{9BE28184-F046-CE25-459D-88AD9BC140E7}"
EndProject
Project("{FAE04EC0-301F-11D3-BF4B-00C04F79EFBC}") = "Meta.VoiceSDK.Mic.Other", "Meta.VoiceSDK.Mic.Other.csproj", "{3C185561-058B-C9AA-9910-F0ACEA8A7744}"
EndProject
Project("{FAE04EC0-301F-11D3-BF4B-00C04F79EFBC}") = "Meta.VoiceSDK.Mic.Common", "Meta.VoiceSDK.Mic.Common.csproj", "{30029E13-2D91-691A-20E1-0BD3D3541049}"
EndProject
Project("{FAE04EC0-301F-11D3-BF4B-00C04F79EFBC}") = "Meta.VoiceSDK.Mic.WebGL", "Meta.VoiceSDK.Mic.WebGL.csproj", "{B8E7D6F1-1B12-4B7A-DA56-C1DB1941C431}"
EndProject
Project("{FAE04EC0-301F-11D3-BF4B-00C04F79EFBC}") = "Meta.WitAi.Editor", "Meta.WitAi.Editor.csproj", "{86594EF0-BB63-6731-B5D8-E6B0C64FCE7F}"
EndProject
Project("{FAE04EC0-301F-11D3-BF4B-00C04F79EFBC}") = "Meta.WitAi.Conduit.Editor", "Meta.WitAi.Conduit.Editor.csproj", "{678762EC-E44C-38F9-0E92-BB4138D5297A}"
EndProject
Project("{FAE04EC0-301F-11D3-BF4B-00C04F79EFBC}") = "Oculus.Interaction.Editor", "Oculus.Interaction.Editor.csproj", "{CD09D475-320D-1D7D-3C3B-D993975F0220}"
EndProject
Project("{FAE04EC0-301F-11D3-BF4B-00C04F79EFBC}") = "Meta.Voice.Hub.Editor", "Meta.Voice.Hub.Editor.csproj", "{8E74C3BA-CC2E-282A-15E4-5795A9907611}"
EndProject
Project("{FAE04EC0-301F-11D3-BF4B-00C04F79EFBC}") = "Meta.WitAI.Lib.Editor", "Meta.WitAI.Lib.Editor.csproj", "{F08F23F6-47CF-449D-6A4D-BE1ED9C1509D}"
EndProject
Project("{FAE04EC0-301F-11D3-BF4B-00C04F79EFBC}") = "Oculus.VR.Editor", "Oculus.VR.Editor.csproj", "{F9702A08-9686-00A1-4BBA-7D45BF82EB90}"
EndProject
Project("{FAE04EC0-301F-11D3-BF4B-00C04F79EFBC}") = "Meta.Movement.Editor", "Meta.Movement.Editor.csproj", "{325F536D-24B5-11E6-A08C-02EEEF37B807}"
EndProject
Project("{FAE04EC0-301F-11D3-BF4B-00C04F79EFBC}") = "Oculus.Interaction.OVR.Editor", "Oculus.Interaction.OVR.Editor.csproj", "{74494125-6F19-348A-434A-77AF18823130}"
EndProject
Project("{FAE04EC0-301F-11D3-BF4B-00C04F79EFBC}") = "Assembly-CSharp-Editor", "Assembly-CSharp-Editor.csproj", "{F0E4AF21-60C2-A1A0-2D05-7C22AC20022B}"
EndProject
Project("{FAE04EC0-301F-11D3-BF4B-00C04F79EFBC}") = "Oculus.Interaction.Samples.Editor", "Oculus.Interaction.Samples.Editor.csproj", "{C62927B0-7209-61AF-5239-038872EC12D7}"
EndProject
Project("{FAE04EC0-301F-11D3-BF4B-00C04F79EFBC}") = "Oculus.VR.Scripts.Editor", "Oculus.VR.Scripts.Editor.csproj", "{B060F084-2639-AC80-1182-FBE3B8471889}"
EndProject
Project("{FAE04EC0-301F-11D3-BF4B-00C04F79EFBC}") = "VoiceSDK.Editor", "VoiceSDK.Editor.csproj", "{D1FEFD39-EA46-F89E-9A2E-8CA6EB150F18}"
EndProject
Project("{FAE04EC0-301F-11D3-BF4B-00C04F79EFBC}") = "Oculus.Spatializer.Editor", "Oculus.Spatializer.Editor.csproj", "{8A2FB7AB-2B9E-D72D-D955-2FE03AF1EEEF}"
EndProject
Project("{FAE04EC0-301F-11D3-BF4B-00C04F79EFBC}") = "Meta.WitAi.TTS.Editor", "Meta.WitAi.TTS.Editor.csproj", "{7A29A6E8-C333-B819-4446-6959CF0AE5A4}"
EndProject
Project("{FAE04EC0-301F-11D3-BF4B-00C04F79EFBC}") = "Facebook.Wit.Dictation.Editor", "Facebook.Wit.Dictation.Editor.csproj", "{1BBD4DE0-3104-6B05-4CB4-57E09C3A0909}"
EndProject
Project("{FAE04EC0-301F-11D3-BF4B-00C04F79EFBC}") = "Oculus.Platform.Editor", "Oculus.Platform.Editor.csproj", "{F6427BFD-8DF7-F827-706B-7A07D64A0E07}"
EndProject
Project("{FAE04EC0-301F-11D3-BF4B-00C04F79EFBC}") = "VoiceSDK.Dictation.Editor", "VoiceSDK.Dictation.Editor.csproj", "{B0F6B11F-8CB7-FC1E-6556-F7E08899217D}"
EndProject
Project("{FAE04EC0-301F-11D3-BF4B-00C04F79EFBC}") = "Oculus.AudioManager.Audio.Editor", "Oculus.AudioManager.Audio.Editor.csproj", "{D9B05EAB-61E6-3DC6-6735-1251EF609952}"
EndProject
Project("{FAE04EC0-301F-11D3-BF4B-00C04F79EFBC}") = "Oculus.Interaction.InterfaceSupport", "Oculus.Interaction.InterfaceSupport.csproj", "{5FB51DCA-BF07-CFEF-C171-1C032E71718E}"
EndProject
Project("{FAE04EC0-301F-11D3-BF4B-00C04F79EFBC}") = "Oculus.LipSync.Editor", "Oculus.LipSync.Editor.csproj", "{427AA194-D3D5-C2CB-41FD-A2F3D6A21ADC}"
EndProject
Project("{FAE04EC0-301F-11D3-BF4B-00C04F79EFBC}") = "Meta.Voice.VSDKHub.Editor", "Meta.Voice.VSDKHub.Editor.csproj", "{517C0E32-E526-1692-D770-DB17E0CFEB9B}"
EndProject
Project("{FAE04EC0-301F-11D3-BF4B-00C04F79EFBC}") = "AssistantCoreSDKEditor", "AssistantCoreSDKEditor.csproj", "{20FE88DA-B6CB-6066-338B-D77AF6241C9F}"
EndProject
Project("{FAE04EC0-301F-11D3-BF4B-00C04F79EFBC}") = "Oculus.AudioManager.Utils.Editor", "Oculus.AudioManager.Utils.Editor.csproj", "{E7386646-87F0-51E0-A8EB-A639C8A1E7F7}"
EndProject
Global
	GlobalSection(SolutionConfigurationPlatforms) = preSolution
		Debug|Any CPU = Debug|Any CPU
		Release|Any CPU = Release|Any CPU
	EndGlobalSection
	GlobalSection(ProjectConfigurationPlatforms) = postSolution
		{1ABEBEEE-EB41-D32A-161F-848562FFAB6D}.Debug|Any CPU.ActiveCfg = Debug|Any CPU
		{1ABEBEEE-EB41-D32A-161F-848562FFAB6D}.Debug|Any CPU.Build.0 = Debug|Any CPU
		{1ABEBEEE-EB41-D32A-161F-848562FFAB6D}.Release|Any CPU.ActiveCfg = Release|Any CPU
		{1ABEBEEE-EB41-D32A-161F-848562FFAB6D}.Release|Any CPU.Build.0 = Release|Any CPU
		{A00E1577-F6E6-0E73-FD55-CD8442E5F946}.Debug|Any CPU.ActiveCfg = Debug|Any CPU
		{A00E1577-F6E6-0E73-FD55-CD8442E5F946}.Debug|Any CPU.Build.0 = Debug|Any CPU
		{A00E1577-F6E6-0E73-FD55-CD8442E5F946}.Release|Any CPU.ActiveCfg = Release|Any CPU
		{A00E1577-F6E6-0E73-FD55-CD8442E5F946}.Release|Any CPU.Build.0 = Release|Any CPU
		{2CA580C6-EDC7-B080-5697-7ED6DB9FAAF5}.Debug|Any CPU.ActiveCfg = Debug|Any CPU
		{2CA580C6-EDC7-B080-5697-7ED6DB9FAAF5}.Debug|Any CPU.Build.0 = Debug|Any CPU
		{2CA580C6-EDC7-B080-5697-7ED6DB9FAAF5}.Release|Any CPU.ActiveCfg = Release|Any CPU
		{2CA580C6-EDC7-B080-5697-7ED6DB9FAAF5}.Release|Any CPU.Build.0 = Release|Any CPU
		{774C2B57-4CAE-11E4-A74A-FD772445190D}.Debug|Any CPU.ActiveCfg = Debug|Any CPU
		{774C2B57-4CAE-11E4-A74A-FD772445190D}.Debug|Any CPU.Build.0 = Debug|Any CPU
		{774C2B57-4CAE-11E4-A74A-FD772445190D}.Release|Any CPU.ActiveCfg = Release|Any CPU
		{774C2B57-4CAE-11E4-A74A-FD772445190D}.Release|Any CPU.Build.0 = Release|Any CPU
		{11A6B85F-365A-3680-3793-F24952C0473B}.Debug|Any CPU.ActiveCfg = Debug|Any CPU
		{11A6B85F-365A-3680-3793-F24952C0473B}.Debug|Any CPU.Build.0 = Debug|Any CPU
		{11A6B85F-365A-3680-3793-F24952C0473B}.Release|Any CPU.ActiveCfg = Release|Any CPU
		{11A6B85F-365A-3680-3793-F24952C0473B}.Release|Any CPU.Build.0 = Release|Any CPU
		{36EBDC56-680F-647E-C017-BC1BA714FC77}.Debug|Any CPU.ActiveCfg = Debug|Any CPU
		{36EBDC56-680F-647E-C017-BC1BA714FC77}.Debug|Any CPU.Build.0 = Debug|Any CPU
		{36EBDC56-680F-647E-C017-BC1BA714FC77}.Release|Any CPU.ActiveCfg = Release|Any CPU
		{36EBDC56-680F-647E-C017-BC1BA714FC77}.Release|Any CPU.Build.0 = Release|Any CPU
		{7BDC0146-C8A9-4314-9874-35B677817775}.Debug|Any CPU.ActiveCfg = Debug|Any CPU
		{7BDC0146-C8A9-4314-9874-35B677817775}.Debug|Any CPU.Build.0 = Debug|Any CPU
		{7BDC0146-C8A9-4314-9874-35B677817775}.Release|Any CPU.ActiveCfg = Release|Any CPU
		{7BDC0146-C8A9-4314-9874-35B677817775}.Release|Any CPU.Build.0 = Release|Any CPU
		{66214B7D-838C-8AB5-657E-644C7C6237B0}.Debug|Any CPU.ActiveCfg = Debug|Any CPU
		{66214B7D-838C-8AB5-657E-644C7C6237B0}.Debug|Any CPU.Build.0 = Debug|Any CPU
		{66214B7D-838C-8AB5-657E-644C7C6237B0}.Release|Any CPU.ActiveCfg = Release|Any CPU
		{66214B7D-838C-8AB5-657E-644C7C6237B0}.Release|Any CPU.Build.0 = Release|Any CPU
		{AA134B36-84C8-B083-6FE6-3375FA41709A}.Debug|Any CPU.ActiveCfg = Debug|Any CPU
		{AA134B36-84C8-B083-6FE6-3375FA41709A}.Debug|Any CPU.Build.0 = Debug|Any CPU
		{AA134B36-84C8-B083-6FE6-3375FA41709A}.Release|Any CPU.ActiveCfg = Release|Any CPU
		{AA134B36-84C8-B083-6FE6-3375FA41709A}.Release|Any CPU.Build.0 = Release|Any CPU
		{D854FD7C-ED18-8AD8-C07A-D337F716B62E}.Debug|Any CPU.ActiveCfg = Debug|Any CPU
		{D854FD7C-ED18-8AD8-C07A-D337F716B62E}.Debug|Any CPU.Build.0 = Debug|Any CPU
		{D854FD7C-ED18-8AD8-C07A-D337F716B62E}.Release|Any CPU.ActiveCfg = Release|Any CPU
		{D854FD7C-ED18-8AD8-C07A-D337F716B62E}.Release|Any CPU.Build.0 = Release|Any CPU
		{5417E973-A677-EE5E-9494-95F5570E6C78}.Debug|Any CPU.ActiveCfg = Debug|Any CPU
		{5417E973-A677-EE5E-9494-95F5570E6C78}.Debug|Any CPU.Build.0 = Debug|Any CPU
		{5417E973-A677-EE5E-9494-95F5570E6C78}.Release|Any CPU.ActiveCfg = Release|Any CPU
		{5417E973-A677-EE5E-9494-95F5570E6C78}.Release|Any CPU.Build.0 = Release|Any CPU
		{47985789-BD09-6E75-6FFA-AA8106E7A8F1}.Debug|Any CPU.ActiveCfg = Debug|Any CPU
		{47985789-BD09-6E75-6FFA-AA8106E7A8F1}.Debug|Any CPU.Build.0 = Debug|Any CPU
		{47985789-BD09-6E75-6FFA-AA8106E7A8F1}.Release|Any CPU.ActiveCfg = Release|Any CPU
		{47985789-BD09-6E75-6FFA-AA8106E7A8F1}.Release|Any CPU.Build.0 = Release|Any CPU
		{105BF4F3-663A-109D-7415-0157AA64212D}.Debug|Any CPU.ActiveCfg = Debug|Any CPU
		{105BF4F3-663A-109D-7415-0157AA64212D}.Debug|Any CPU.Build.0 = Debug|Any CPU
		{105BF4F3-663A-109D-7415-0157AA64212D}.Release|Any CPU.ActiveCfg = Release|Any CPU
		{105BF4F3-663A-109D-7415-0157AA64212D}.Release|Any CPU.Build.0 = Release|Any CPU
		{FA9E01BC-5C8F-8587-E158-2E267023D467}.Debug|Any CPU.ActiveCfg = Debug|Any CPU
		{FA9E01BC-5C8F-8587-E158-2E267023D467}.Debug|Any CPU.Build.0 = Debug|Any CPU
		{FA9E01BC-5C8F-8587-E158-2E267023D467}.Release|Any CPU.ActiveCfg = Release|Any CPU
		{FA9E01BC-5C8F-8587-E158-2E267023D467}.Release|Any CPU.Build.0 = Release|Any CPU
		{FB43D3AC-06FD-0BDC-4F5C-2D57670D2611}.Debug|Any CPU.ActiveCfg = Debug|Any CPU
		{FB43D3AC-06FD-0BDC-4F5C-2D57670D2611}.Debug|Any CPU.Build.0 = Debug|Any CPU
		{FB43D3AC-06FD-0BDC-4F5C-2D57670D2611}.Release|Any CPU.ActiveCfg = Release|Any CPU
		{FB43D3AC-06FD-0BDC-4F5C-2D57670D2611}.Release|Any CPU.Build.0 = Release|Any CPU
		{F4CFC1C7-4D55-1F5C-2287-60C4577FD4EA}.Debug|Any CPU.ActiveCfg = Debug|Any CPU
		{F4CFC1C7-4D55-1F5C-2287-60C4577FD4EA}.Debug|Any CPU.Build.0 = Debug|Any CPU
		{F4CFC1C7-4D55-1F5C-2287-60C4577FD4EA}.Release|Any CPU.ActiveCfg = Release|Any CPU
		{F4CFC1C7-4D55-1F5C-2287-60C4577FD4EA}.Release|Any CPU.Build.0 = Release|Any CPU
		{CE3C13D7-5E64-E844-7366-3FDDB224AB43}.Debug|Any CPU.ActiveCfg = Debug|Any CPU
		{CE3C13D7-5E64-E844-7366-3FDDB224AB43}.Debug|Any CPU.Build.0 = Debug|Any CPU
		{CE3C13D7-5E64-E844-7366-3FDDB224AB43}.Release|Any CPU.ActiveCfg = Release|Any CPU
		{CE3C13D7-5E64-E844-7366-3FDDB224AB43}.Release|Any CPU.Build.0 = Release|Any CPU
		{19D1EDFE-B26E-CD4C-75FA-3162A2D7443C}.Debug|Any CPU.ActiveCfg = Debug|Any CPU
		{19D1EDFE-B26E-CD4C-75FA-3162A2D7443C}.Debug|Any CPU.Build.0 = Debug|Any CPU
		{19D1EDFE-B26E-CD4C-75FA-3162A2D7443C}.Release|Any CPU.ActiveCfg = Release|Any CPU
		{19D1EDFE-B26E-CD4C-75FA-3162A2D7443C}.Release|Any CPU.Build.0 = Release|Any CPU
		{C6C5611C-8873-2975-9410-07499F86ACBC}.Debug|Any CPU.ActiveCfg = Debug|Any CPU
		{C6C5611C-8873-2975-9410-07499F86ACBC}.Debug|Any CPU.Build.0 = Debug|Any CPU
		{C6C5611C-8873-2975-9410-07499F86ACBC}.Release|Any CPU.ActiveCfg = Release|Any CPU
		{C6C5611C-8873-2975-9410-07499F86ACBC}.Release|Any CPU.Build.0 = Release|Any CPU
		{2F581628-5D13-BDC9-0AB0-A0052615EB5D}.Debug|Any CPU.ActiveCfg = Debug|Any CPU
		{2F581628-5D13-BDC9-0AB0-A0052615EB5D}.Debug|Any CPU.Build.0 = Debug|Any CPU
		{2F581628-5D13-BDC9-0AB0-A0052615EB5D}.Release|Any CPU.ActiveCfg = Release|Any CPU
		{2F581628-5D13-BDC9-0AB0-A0052615EB5D}.Release|Any CPU.Build.0 = Release|Any CPU
		{7DA45454-8C5F-AEA1-20B1-36EB8567E63D}.Debug|Any CPU.ActiveCfg = Debug|Any CPU
		{7DA45454-8C5F-AEA1-20B1-36EB8567E63D}.Debug|Any CPU.Build.0 = Debug|Any CPU
		{7DA45454-8C5F-AEA1-20B1-36EB8567E63D}.Release|Any CPU.ActiveCfg = Release|Any CPU
		{7DA45454-8C5F-AEA1-20B1-36EB8567E63D}.Release|Any CPU.Build.0 = Release|Any CPU
		{9BE28184-F046-CE25-459D-88AD9BC140E7}.Debug|Any CPU.ActiveCfg = Debug|Any CPU
		{9BE28184-F046-CE25-459D-88AD9BC140E7}.Debug|Any CPU.Build.0 = Debug|Any CPU
		{9BE28184-F046-CE25-459D-88AD9BC140E7}.Release|Any CPU.ActiveCfg = Release|Any CPU
		{9BE28184-F046-CE25-459D-88AD9BC140E7}.Release|Any CPU.Build.0 = Release|Any CPU
		{3C185561-058B-C9AA-9910-F0ACEA8A7744}.Debug|Any CPU.ActiveCfg = Debug|Any CPU
		{3C185561-058B-C9AA-9910-F0ACEA8A7744}.Debug|Any CPU.Build.0 = Debug|Any CPU
		{3C185561-058B-C9AA-9910-F0ACEA8A7744}.Release|Any CPU.ActiveCfg = Release|Any CPU
		{3C185561-058B-C9AA-9910-F0ACEA8A7744}.Release|Any CPU.Build.0 = Release|Any CPU
		{30029E13-2D91-691A-20E1-0BD3D3541049}.Debug|Any CPU.ActiveCfg = Debug|Any CPU
		{30029E13-2D91-691A-20E1-0BD3D3541049}.Debug|Any CPU.Build.0 = Debug|Any CPU
		{30029E13-2D91-691A-20E1-0BD3D3541049}.Release|Any CPU.ActiveCfg = Release|Any CPU
		{30029E13-2D91-691A-20E1-0BD3D3541049}.Release|Any CPU.Build.0 = Release|Any CPU
		{B8E7D6F1-1B12-4B7A-DA56-C1DB1941C431}.Debug|Any CPU.ActiveCfg = Debug|Any CPU
		{B8E7D6F1-1B12-4B7A-DA56-C1DB1941C431}.Debug|Any CPU.Build.0 = Debug|Any CPU
		{B8E7D6F1-1B12-4B7A-DA56-C1DB1941C431}.Release|Any CPU.ActiveCfg = Release|Any CPU
		{B8E7D6F1-1B12-4B7A-DA56-C1DB1941C431}.Release|Any CPU.Build.0 = Release|Any CPU
		{86594EF0-BB63-6731-B5D8-E6B0C64FCE7F}.Debug|Any CPU.ActiveCfg = Debug|Any CPU
		{86594EF0-BB63-6731-B5D8-E6B0C64FCE7F}.Debug|Any CPU.Build.0 = Debug|Any CPU
		{86594EF0-BB63-6731-B5D8-E6B0C64FCE7F}.Release|Any CPU.ActiveCfg = Release|Any CPU
		{86594EF0-BB63-6731-B5D8-E6B0C64FCE7F}.Release|Any CPU.Build.0 = Release|Any CPU
		{678762EC-E44C-38F9-0E92-BB4138D5297A}.Debug|Any CPU.ActiveCfg = Debug|Any CPU
		{678762EC-E44C-38F9-0E92-BB4138D5297A}.Debug|Any CPU.Build.0 = Debug|Any CPU
		{678762EC-E44C-38F9-0E92-BB4138D5297A}.Release|Any CPU.ActiveCfg = Release|Any CPU
		{678762EC-E44C-38F9-0E92-BB4138D5297A}.Release|Any CPU.Build.0 = Release|Any CPU
		{CD09D475-320D-1D7D-3C3B-D993975F0220}.Debug|Any CPU.ActiveCfg = Debug|Any CPU
		{CD09D475-320D-1D7D-3C3B-D993975F0220}.Debug|Any CPU.Build.0 = Debug|Any CPU
		{CD09D475-320D-1D7D-3C3B-D993975F0220}.Release|Any CPU.ActiveCfg = Release|Any CPU
		{CD09D475-320D-1D7D-3C3B-D993975F0220}.Release|Any CPU.Build.0 = Release|Any CPU
		{8E74C3BA-CC2E-282A-15E4-5795A9907611}.Debug|Any CPU.ActiveCfg = Debug|Any CPU
		{8E74C3BA-CC2E-282A-15E4-5795A9907611}.Debug|Any CPU.Build.0 = Debug|Any CPU
		{8E74C3BA-CC2E-282A-15E4-5795A9907611}.Release|Any CPU.ActiveCfg = Release|Any CPU
		{8E74C3BA-CC2E-282A-15E4-5795A9907611}.Release|Any CPU.Build.0 = Release|Any CPU
		{F08F23F6-47CF-449D-6A4D-BE1ED9C1509D}.Debug|Any CPU.ActiveCfg = Debug|Any CPU
		{F08F23F6-47CF-449D-6A4D-BE1ED9C1509D}.Debug|Any CPU.Build.0 = Debug|Any CPU
		{F08F23F6-47CF-449D-6A4D-BE1ED9C1509D}.Release|Any CPU.ActiveCfg = Release|Any CPU
		{F08F23F6-47CF-449D-6A4D-BE1ED9C1509D}.Release|Any CPU.Build.0 = Release|Any CPU
		{F9702A08-9686-00A1-4BBA-7D45BF82EB90}.Debug|Any CPU.ActiveCfg = Debug|Any CPU
		{F9702A08-9686-00A1-4BBA-7D45BF82EB90}.Debug|Any CPU.Build.0 = Debug|Any CPU
		{F9702A08-9686-00A1-4BBA-7D45BF82EB90}.Release|Any CPU.ActiveCfg = Release|Any CPU
		{F9702A08-9686-00A1-4BBA-7D45BF82EB90}.Release|Any CPU.Build.0 = Release|Any CPU
		{325F536D-24B5-11E6-A08C-02EEEF37B807}.Debug|Any CPU.ActiveCfg = Debug|Any CPU
		{325F536D-24B5-11E6-A08C-02EEEF37B807}.Debug|Any CPU.Build.0 = Debug|Any CPU
		{325F536D-24B5-11E6-A08C-02EEEF37B807}.Release|Any CPU.ActiveCfg = Release|Any CPU
		{325F536D-24B5-11E6-A08C-02EEEF37B807}.Release|Any CPU.Build.0 = Release|Any CPU
		{74494125-6F19-348A-434A-77AF18823130}.Debug|Any CPU.ActiveCfg = Debug|Any CPU
		{74494125-6F19-348A-434A-77AF18823130}.Debug|Any CPU.Build.0 = Debug|Any CPU
		{74494125-6F19-348A-434A-77AF18823130}.Release|Any CPU.ActiveCfg = Release|Any CPU
		{74494125-6F19-348A-434A-77AF18823130}.Release|Any CPU.Build.0 = Release|Any CPU
		{F0E4AF21-60C2-A1A0-2D05-7C22AC20022B}.Debug|Any CPU.ActiveCfg = Debug|Any CPU
		{F0E4AF21-60C2-A1A0-2D05-7C22AC20022B}.Debug|Any CPU.Build.0 = Debug|Any CPU
		{F0E4AF21-60C2-A1A0-2D05-7C22AC20022B}.Release|Any CPU.ActiveCfg = Release|Any CPU
		{F0E4AF21-60C2-A1A0-2D05-7C22AC20022B}.Release|Any CPU.Build.0 = Release|Any CPU
		{C62927B0-7209-61AF-5239-038872EC12D7}.Debug|Any CPU.ActiveCfg = Debug|Any CPU
		{C62927B0-7209-61AF-5239-038872EC12D7}.Debug|Any CPU.Build.0 = Debug|Any CPU
		{C62927B0-7209-61AF-5239-038872EC12D7}.Release|Any CPU.ActiveCfg = Release|Any CPU
		{C62927B0-7209-61AF-5239-038872EC12D7}.Release|Any CPU.Build.0 = Release|Any CPU
		{B060F084-2639-AC80-1182-FBE3B8471889}.Debug|Any CPU.ActiveCfg = Debug|Any CPU
		{B060F084-2639-AC80-1182-FBE3B8471889}.Debug|Any CPU.Build.0 = Debug|Any CPU
		{B060F084-2639-AC80-1182-FBE3B8471889}.Release|Any CPU.ActiveCfg = Release|Any CPU
		{B060F084-2639-AC80-1182-FBE3B8471889}.Release|Any CPU.Build.0 = Release|Any CPU
		{D1FEFD39-EA46-F89E-9A2E-8CA6EB150F18}.Debug|Any CPU.ActiveCfg = Debug|Any CPU
		{D1FEFD39-EA46-F89E-9A2E-8CA6EB150F18}.Debug|Any CPU.Build.0 = Debug|Any CPU
		{D1FEFD39-EA46-F89E-9A2E-8CA6EB150F18}.Release|Any CPU.ActiveCfg = Release|Any CPU
		{D1FEFD39-EA46-F89E-9A2E-8CA6EB150F18}.Release|Any CPU.Build.0 = Release|Any CPU
		{8A2FB7AB-2B9E-D72D-D955-2FE03AF1EEEF}.Debug|Any CPU.ActiveCfg = Debug|Any CPU
		{8A2FB7AB-2B9E-D72D-D955-2FE03AF1EEEF}.Debug|Any CPU.Build.0 = Debug|Any CPU
		{8A2FB7AB-2B9E-D72D-D955-2FE03AF1EEEF}.Release|Any CPU.ActiveCfg = Release|Any CPU
		{8A2FB7AB-2B9E-D72D-D955-2FE03AF1EEEF}.Release|Any CPU.Build.0 = Release|Any CPU
		{7A29A6E8-C333-B819-4446-6959CF0AE5A4}.Debug|Any CPU.ActiveCfg = Debug|Any CPU
		{7A29A6E8-C333-B819-4446-6959CF0AE5A4}.Debug|Any CPU.Build.0 = Debug|Any CPU
		{7A29A6E8-C333-B819-4446-6959CF0AE5A4}.Release|Any CPU.ActiveCfg = Release|Any CPU
		{7A29A6E8-C333-B819-4446-6959CF0AE5A4}.Release|Any CPU.Build.0 = Release|Any CPU
		{1BBD4DE0-3104-6B05-4CB4-57E09C3A0909}.Debug|Any CPU.ActiveCfg = Debug|Any CPU
		{1BBD4DE0-3104-6B05-4CB4-57E09C3A0909}.Debug|Any CPU.Build.0 = Debug|Any CPU
		{1BBD4DE0-3104-6B05-4CB4-57E09C3A0909}.Release|Any CPU.ActiveCfg = Release|Any CPU
		{1BBD4DE0-3104-6B05-4CB4-57E09C3A0909}.Release|Any CPU.Build.0 = Release|Any CPU
		{F6427BFD-8DF7-F827-706B-7A07D64A0E07}.Debug|Any CPU.ActiveCfg = Debug|Any CPU
		{F6427BFD-8DF7-F827-706B-7A07D64A0E07}.Debug|Any CPU.Build.0 = Debug|Any CPU
		{F6427BFD-8DF7-F827-706B-7A07D64A0E07}.Release|Any CPU.ActiveCfg = Release|Any CPU
		{F6427BFD-8DF7-F827-706B-7A07D64A0E07}.Release|Any CPU.Build.0 = Release|Any CPU
		{B0F6B11F-8CB7-FC1E-6556-F7E08899217D}.Debug|Any CPU.ActiveCfg = Debug|Any CPU
		{B0F6B11F-8CB7-FC1E-6556-F7E08899217D}.Debug|Any CPU.Build.0 = Debug|Any CPU
		{B0F6B11F-8CB7-FC1E-6556-F7E08899217D}.Release|Any CPU.ActiveCfg = Release|Any CPU
		{B0F6B11F-8CB7-FC1E-6556-F7E08899217D}.Release|Any CPU.Build.0 = Release|Any CPU
		{D9B05EAB-61E6-3DC6-6735-1251EF609952}.Debug|Any CPU.ActiveCfg = Debug|Any CPU
		{D9B05EAB-61E6-3DC6-6735-1251EF609952}.Debug|Any CPU.Build.0 = Debug|Any CPU
		{D9B05EAB-61E6-3DC6-6735-1251EF609952}.Release|Any CPU.ActiveCfg = Release|Any CPU
		{D9B05EAB-61E6-3DC6-6735-1251EF609952}.Release|Any CPU.Build.0 = Release|Any CPU
		{5FB51DCA-BF07-CFEF-C171-1C032E71718E}.Debug|Any CPU.ActiveCfg = Debug|Any CPU
		{5FB51DCA-BF07-CFEF-C171-1C032E71718E}.Debug|Any CPU.Build.0 = Debug|Any CPU
		{5FB51DCA-BF07-CFEF-C171-1C032E71718E}.Release|Any CPU.ActiveCfg = Release|Any CPU
		{5FB51DCA-BF07-CFEF-C171-1C032E71718E}.Release|Any CPU.Build.0 = Release|Any CPU
		{427AA194-D3D5-C2CB-41FD-A2F3D6A21ADC}.Debug|Any CPU.ActiveCfg = Debug|Any CPU
		{427AA194-D3D5-C2CB-41FD-A2F3D6A21ADC}.Debug|Any CPU.Build.0 = Debug|Any CPU
		{427AA194-D3D5-C2CB-41FD-A2F3D6A21ADC}.Release|Any CPU.ActiveCfg = Release|Any CPU
		{427AA194-D3D5-C2CB-41FD-A2F3D6A21ADC}.Release|Any CPU.Build.0 = Release|Any CPU
		{517C0E32-E526-1692-D770-DB17E0CFEB9B}.Debug|Any CPU.ActiveCfg = Debug|Any CPU
		{517C0E32-E526-1692-D770-DB17E0CFEB9B}.Debug|Any CPU.Build.0 = Debug|Any CPU
		{517C0E32-E526-1692-D770-DB17E0CFEB9B}.Release|Any CPU.ActiveCfg = Release|Any CPU
		{517C0E32-E526-1692-D770-DB17E0CFEB9B}.Release|Any CPU.Build.0 = Release|Any CPU
		{20FE88DA-B6CB-6066-338B-D77AF6241C9F}.Debug|Any CPU.ActiveCfg = Debug|Any CPU
		{20FE88DA-B6CB-6066-338B-D77AF6241C9F}.Debug|Any CPU.Build.0 = Debug|Any CPU
		{20FE88DA-B6CB-6066-338B-D77AF6241C9F}.Release|Any CPU.ActiveCfg = Release|Any CPU
		{20FE88DA-B6CB-6066-338B-D77AF6241C9F}.Release|Any CPU.Build.0 = Release|Any CPU
		{E7386646-87F0-51E0-A8EB-A639C8A1E7F7}.Debug|Any CPU.ActiveCfg = Debug|Any CPU
		{E7386646-87F0-51E0-A8EB-A639C8A1E7F7}.Debug|Any CPU.Build.0 = Debug|Any CPU
		{E7386646-87F0-51E0-A8EB-A639C8A1E7F7}.Release|Any CPU.ActiveCfg = Release|Any CPU
		{E7386646-87F0-51E0-A8EB-A639C8A1E7F7}.Release|Any CPU.Build.0 = Release|Any CPU
	EndGlobalSection
	GlobalSection(SolutionProperties) = preSolution
		HideSolutionNode = FALSE
	EndGlobalSection
EndGlobal
