
Microsoft Visual Studio Solution File, Format Version 12.00
# Visual Studio 15
Project("{FAE04EC0-301F-11D3-BF4B-00C04F79EFBC}") = "Oculus.Platform", "Oculus.Platform.csproj", "{D4216C89-11D8-E8C9-9901-AE69FBB1D92C}"
EndProject
Project("{FAE04EC0-301F-11D3-BF4B-00C04F79EFBC}") = "Assembly-CSharp", "Assembly-CSharp.csproj", "{92EC49BF-CD19-F5D3-2588-BC822FE057CD}"
EndProject
Project("{FAE04EC0-301F-11D3-BF4B-00C04F79EFBC}") = "Meta.WitAi", "Meta.WitAi.csproj", "{24BBA8ED-FFB6-6514-72E2-992C4E93143B}"
EndProject
Project("{FAE04EC0-301F-11D3-BF4B-00C04F79EFBC}") = "Oculus.Spatializer", "Oculus.Spatializer.csproj", "{572C6921-5567-61D0-0D76-3B0449E917DB}"
EndProject
Project("{FAE04EC0-301F-11D3-BF4B-00C04F79EFBC}") = "Oculus.Interaction", "Oculus.Interaction.csproj", "{A9EC6683-83AE-6459-5E4A-1DC4ACCC3324}"
EndProject
Project("{FAE04EC0-301F-11D3-BF4B-00C04F79EFBC}") = "Meta.Movement", "Meta.Movement.csproj", "{9D0D7B5D-2D05-9F6A-5F6B-4106603CC339}"
EndProject
Project("{FAE04EC0-301F-11D3-BF4B-00C04F79EFBC}") = "Oculus.Interaction.OVR.Samples", "Oculus.Interaction.OVR.Samples.csproj", "{A6D9B74C-4CEE-E50E-F154-33F17424E5FD}"
EndProject
Project("{FAE04EC0-301F-11D3-BF4B-00C04F79EFBC}") = "Oculus.VR", "Oculus.VR.csproj", "{6A7B88C8-2636-B34A-ECF6-85A4666676C2}"
EndProject
Project("{FAE04EC0-301F-11D3-BF4B-00C04F79EFBC}") = "VoiceSDK.Dictation.Runtime", "VoiceSDK.Dictation.Runtime.csproj", "{E1800669-146A-A983-9590-E934443D7E05}"
EndProject
Project("{FAE04EC0-301F-11D3-BF4B-00C04F79EFBC}") = "Meta.WitAi.TTS", "Meta.WitAi.TTS.csproj", "{3FAE20DB-3A75-D623-BD72-44F41F62430A}"
EndProject
Project("{FAE04EC0-301F-11D3-BF4B-00C04F79EFBC}") = "Meta.WitAi.Lib", "Meta.WitAi.Lib.csproj", "{E730AD3E-95C7-63DB-DF10-58BFB2329E3E}"
EndProject
Project("{FAE04EC0-301F-11D3-BF4B-00C04F79EFBC}") = "Oculus.AudioManager", "Oculus.AudioManager.csproj", "{A4D0ABD0-398C-8A59-F5FE-BF2A263B74B9}"
EndProject
Project("{FAE04EC0-301F-11D3-BF4B-00C04F79EFBC}") = "Meta.Voice.Hub.Runtime", "Meta.Voice.Hub.Runtime.csproj", "{6F3CE89B-1672-2072-CD51-0ECB91070812}"
EndProject
Project("{FAE04EC0-301F-11D3-BF4B-00C04F79EFBC}") = "VoiceSDK.Runtime", "VoiceSDK.Runtime.csproj", "{714721BD-E238-EB17-3674-BAAD6FA07D8D}"
EndProject
Project("{FAE04EC0-301F-11D3-BF4B-00C04F79EFBC}") = "Facebook.Wit.Dictation", "Facebook.Wit.Dictation.csproj", "{16D99FD6-E46E-B1D4-BBB2-4FE1554A90FA}"
EndProject
Project("{FAE04EC0-301F-11D3-BF4B-00C04F79EFBC}") = "Meta.WitAi.TTS.Samples", "Meta.WitAi.TTS.Samples.csproj", "{7CEB304A-F3AB-4FE0-5C37-2FF62A045921}"
EndProject
Project("{FAE04EC0-301F-11D3-BF4B-00C04F79EFBC}") = "Oculus.Voice.Demo", "Oculus.Voice.Demo.csproj", "{4A264310-32D8-6851-FB31-863F3CFB3F0E}"
EndProject
Project("{FAE04EC0-301F-11D3-BF4B-00C04F79EFBC}") = "Oculus.Interaction.OVR", "Oculus.Interaction.OVR.csproj", "{D7822677-D969-710F-6F97-27DE0D65E5F3}"
EndProject
Project("{FAE04EC0-301F-11D3-BF4B-00C04F79EFBC}") = "AssistantCoreSDKRuntime", "AssistantCoreSDKRuntime.csproj", "{4064AEAB-93EB-6A94-94B3-ABD9DBFFF870}"
EndProject
Project("{FAE04EC0-301F-11D3-BF4B-00C04F79EFBC}") = "Meta.WitAi.Conduit", "Meta.WitAi.Conduit.csproj", "{07E6B12C-E645-C243-42D3-014454938DAC}"
EndProject
Project("{FAE04EC0-301F-11D3-BF4B-00C04F79EFBC}") = "Oculus.LipSync", "Oculus.LipSync.csproj", "{69EB411B-2877-B7FB-261E-54B452CA25CF}"
EndProject
Project("{FAE04EC0-301F-11D3-BF4B-00C04F79EFBC}") = "Network", "Network.csproj", "{14C7C246-9625-E797-4C4B-5FFA9ABD41D6}"
EndProject
Project("{FAE04EC0-301F-11D3-BF4B-00C04F79EFBC}") = "Meta.VoiceSDK.Mic.Other", "Meta.VoiceSDK.Mic.Other.csproj", "{B54FC31E-8211-3B73-63CE-8010288839CF}"
EndProject
Project("{FAE04EC0-301F-11D3-BF4B-00C04F79EFBC}") = "Meta.VoiceSDK.Mic.Common", "Meta.VoiceSDK.Mic.Common.csproj", "{049C19F0-B27A-7C79-1133-96D73D7E3981}"
EndProject
Project("{FAE04EC0-301F-11D3-BF4B-00C04F79EFBC}") = "Meta.VoiceSDK.Mic.WebGL", "Meta.VoiceSDK.Mic.WebGL.csproj", "{DFED4581-4BB3-EFFC-0D2F-72FE28EB45D4}"
EndProject
Project("{FAE04EC0-301F-11D3-BF4B-00C04F79EFBC}") = "Meta.WitAi.Editor", "Meta.WitAi.Editor.csproj", "{08440B67-7058-6A20-F3BC-8E404C91A1BE}"
EndProject
Project("{FAE04EC0-301F-11D3-BF4B-00C04F79EFBC}") = "Meta.WitAi.Conduit.Editor", "Meta.WitAi.Conduit.Editor.csproj", "{EA8400BA-0521-BAC6-DC9D-49EF7D1F9718}"
EndProject
Project("{FAE04EC0-301F-11D3-BF4B-00C04F79EFBC}") = "Oculus.Interaction.Editor", "Oculus.Interaction.Editor.csproj", "{AFC20E90-BDC2-9022-2670-880286A5B3EA}"
EndProject
Project("{FAE04EC0-301F-11D3-BF4B-00C04F79EFBC}") = "Meta.Voice.Hub.Editor", "Meta.Voice.Hub.Editor.csproj", "{BD410706-8C7E-77B7-5B39-3878FEE20AC5}"
EndProject
Project("{FAE04EC0-301F-11D3-BF4B-00C04F79EFBC}") = "Meta.WitAI.Lib.Editor", "Meta.WitAI.Lib.Editor.csproj", "{D7BB3502-6C0C-0E87-04C2-B35112EDBC8A}"
EndProject
Project("{FAE04EC0-301F-11D3-BF4B-00C04F79EFBC}") = "Oculus.VR.Editor", "Oculus.VR.Editor.csproj", "{1779E0B8-573E-4836-D813-A3252F1E8576}"
EndProject
Project("{FAE04EC0-301F-11D3-BF4B-00C04F79EFBC}") = "Meta.Movement.Editor", "Meta.Movement.Editor.csproj", "{CCEF4FBA-87CC-441F-96E1-22ED26654C43}"
EndProject
Project("{FAE04EC0-301F-11D3-BF4B-00C04F79EFBC}") = "Oculus.Interaction.OVR.Editor", "Oculus.Interaction.OVR.Editor.csproj", "{BF70EA9F-04F4-C64F-5282-BB3AA945CCF7}"
EndProject
Project("{FAE04EC0-301F-11D3-BF4B-00C04F79EFBC}") = "Assembly-CSharp-Editor", "Assembly-CSharp-Editor.csproj", "{551DC973-D452-4039-1B49-27DB62C76541}"
EndProject
Project("{FAE04EC0-301F-11D3-BF4B-00C04F79EFBC}") = "Oculus.Interaction.Samples.Editor", "Oculus.Interaction.Samples.Editor.csproj", "{35FF6511-8DF4-0DE6-597D-97D9C253AC54}"
EndProject
Project("{FAE04EC0-301F-11D3-BF4B-00C04F79EFBC}") = "Oculus.VR.Scripts.Editor", "Oculus.VR.Scripts.Editor.csproj", "{6648E2E3-D148-6816-5708-78E2C35D77D3}"
EndProject
Project("{FAE04EC0-301F-11D3-BF4B-00C04F79EFBC}") = "VoiceSDK.Editor", "VoiceSDK.Editor.csproj", "{F86A6A87-11B4-F2D9-030A-D8437240BB08}"
EndProject
Project("{FAE04EC0-301F-11D3-BF4B-00C04F79EFBC}") = "Oculus.Spatializer.Editor", "Oculus.Spatializer.Editor.csproj", "{38262FED-0BA1-A420-1411-42792087BBFD}"
EndProject
Project("{FAE04EC0-301F-11D3-BF4B-00C04F79EFBC}") = "Meta.WitAi.TTS.Editor", "Meta.WitAi.TTS.Editor.csproj", "{3E225B45-E811-7007-1A2E-2606D52F75F1}"
EndProject
Project("{FAE04EC0-301F-11D3-BF4B-00C04F79EFBC}") = "Facebook.Wit.Dictation.Editor", "Facebook.Wit.Dictation.Editor.csproj", "{C4ACF0F9-9C2A-3A68-56B1-BA178836ADCA}"
EndProject
Project("{FAE04EC0-301F-11D3-BF4B-00C04F79EFBC}") = "Oculus.Platform.Editor", "Oculus.Platform.Editor.csproj", "{3E5B944C-781E-3792-D859-4F5496C91599}"
EndProject
Project("{FAE04EC0-301F-11D3-BF4B-00C04F79EFBC}") = "VoiceSDK.Dictation.Editor", "VoiceSDK.Dictation.Editor.csproj", "{D6961B24-97D5-80A2-77A7-AE0C65769327}"
EndProject
Project("{FAE04EC0-301F-11D3-BF4B-00C04F79EFBC}") = "Oculus.AudioManager.Audio.Editor", "Oculus.AudioManager.Audio.Editor.csproj", "{A280C508-68A3-BF96-1B24-5941188D060B}"
EndProject
Project("{FAE04EC0-301F-11D3-BF4B-00C04F79EFBC}") = "Oculus.Interaction.InterfaceSupport", "Oculus.Interaction.InterfaceSupport.csproj", "{EA26D8B1-6F4F-83A3-9278-B02AF172362D}"
EndProject
Project("{FAE04EC0-301F-11D3-BF4B-00C04F79EFBC}") = "Oculus.LipSync.Editor", "Oculus.LipSync.Editor.csproj", "{C42FDF13-7BB8-2B3D-0DB4-CBF4876616DD}"
EndProject
Project("{FAE04EC0-301F-11D3-BF4B-00C04F79EFBC}") = "Meta.Voice.VSDKHub.Editor", "Meta.Voice.VSDKHub.Editor.csproj", "{17F44579-FD16-B2F2-83CD-9E1222814AAB}"
EndProject
Project("{FAE04EC0-301F-11D3-BF4B-00C04F79EFBC}") = "AssistantCoreSDKEditor", "AssistantCoreSDKEditor.csproj", "{F96A0D35-913B-6435-A70A-DFC62C157EDD}"
EndProject
Project("{FAE04EC0-301F-11D3-BF4B-00C04F79EFBC}") = "Oculus.AudioManager.Utils.Editor", "Oculus.AudioManager.Utils.Editor.csproj", "{28F2A703-B385-E1C7-B943-0E5C8D08E844}"
EndProject
Global
	GlobalSection(SolutionConfigurationPlatforms) = preSolution
		Debug|Any CPU = Debug|Any CPU
		Release|Any CPU = Release|Any CPU
	EndGlobalSection
	GlobalSection(ProjectConfigurationPlatforms) = postSolution
		{D4216C89-11D8-E8C9-9901-AE69FBB1D92C}.Debug|Any CPU.ActiveCfg = Debug|Any CPU
		{D4216C89-11D8-E8C9-9901-AE69FBB1D92C}.Debug|Any CPU.Build.0 = Debug|Any CPU
		{D4216C89-11D8-E8C9-9901-AE69FBB1D92C}.Release|Any CPU.ActiveCfg = Release|Any CPU
		{D4216C89-11D8-E8C9-9901-AE69FBB1D92C}.Release|Any CPU.Build.0 = Release|Any CPU
		{92EC49BF-CD19-F5D3-2588-BC822FE057CD}.Debug|Any CPU.ActiveCfg = Debug|Any CPU
		{92EC49BF-CD19-F5D3-2588-BC822FE057CD}.Debug|Any CPU.Build.0 = Debug|Any CPU
		{92EC49BF-CD19-F5D3-2588-BC822FE057CD}.Release|Any CPU.ActiveCfg = Release|Any CPU
		{92EC49BF-CD19-F5D3-2588-BC822FE057CD}.Release|Any CPU.Build.0 = Release|Any CPU
		{24BBA8ED-FFB6-6514-72E2-992C4E93143B}.Debug|Any CPU.ActiveCfg = Debug|Any CPU
		{24BBA8ED-FFB6-6514-72E2-992C4E93143B}.Debug|Any CPU.Build.0 = Debug|Any CPU
		{24BBA8ED-FFB6-6514-72E2-992C4E93143B}.Release|Any CPU.ActiveCfg = Release|Any CPU
		{24BBA8ED-FFB6-6514-72E2-992C4E93143B}.Release|Any CPU.Build.0 = Release|Any CPU
		{572C6921-5567-61D0-0D76-3B0449E917DB}.Debug|Any CPU.ActiveCfg = Debug|Any CPU
		{572C6921-5567-61D0-0D76-3B0449E917DB}.Debug|Any CPU.Build.0 = Debug|Any CPU
		{572C6921-5567-61D0-0D76-3B0449E917DB}.Release|Any CPU.ActiveCfg = Release|Any CPU
		{572C6921-5567-61D0-0D76-3B0449E917DB}.Release|Any CPU.Build.0 = Release|Any CPU
		{A9EC6683-83AE-6459-5E4A-1DC4ACCC3324}.Debug|Any CPU.ActiveCfg = Debug|Any CPU
		{A9EC6683-83AE-6459-5E4A-1DC4ACCC3324}.Debug|Any CPU.Build.0 = Debug|Any CPU
		{A9EC6683-83AE-6459-5E4A-1DC4ACCC3324}.Release|Any CPU.ActiveCfg = Release|Any CPU
		{A9EC6683-83AE-6459-5E4A-1DC4ACCC3324}.Release|Any CPU.Build.0 = Release|Any CPU
		{9D0D7B5D-2D05-9F6A-5F6B-4106603CC339}.Debug|Any CPU.ActiveCfg = Debug|Any CPU
		{9D0D7B5D-2D05-9F6A-5F6B-4106603CC339}.Debug|Any CPU.Build.0 = Debug|Any CPU
		{9D0D7B5D-2D05-9F6A-5F6B-4106603CC339}.Release|Any CPU.ActiveCfg = Release|Any CPU
		{9D0D7B5D-2D05-9F6A-5F6B-4106603CC339}.Release|Any CPU.Build.0 = Release|Any CPU
		{A6D9B74C-4CEE-E50E-F154-33F17424E5FD}.Debug|Any CPU.ActiveCfg = Debug|Any CPU
		{A6D9B74C-4CEE-E50E-F154-33F17424E5FD}.Debug|Any CPU.Build.0 = Debug|Any CPU
		{A6D9B74C-4CEE-E50E-F154-33F17424E5FD}.Release|Any CPU.ActiveCfg = Release|Any CPU
		{A6D9B74C-4CEE-E50E-F154-33F17424E5FD}.Release|Any CPU.Build.0 = Release|Any CPU
		{6A7B88C8-2636-B34A-ECF6-85A4666676C2}.Debug|Any CPU.ActiveCfg = Debug|Any CPU
		{6A7B88C8-2636-B34A-ECF6-85A4666676C2}.Debug|Any CPU.Build.0 = Debug|Any CPU
		{6A7B88C8-2636-B34A-ECF6-85A4666676C2}.Release|Any CPU.ActiveCfg = Release|Any CPU
		{6A7B88C8-2636-B34A-ECF6-85A4666676C2}.Release|Any CPU.Build.0 = Release|Any CPU
		{E1800669-146A-A983-9590-E934443D7E05}.Debug|Any CPU.ActiveCfg = Debug|Any CPU
		{E1800669-146A-A983-9590-E934443D7E05}.Debug|Any CPU.Build.0 = Debug|Any CPU
		{E1800669-146A-A983-9590-E934443D7E05}.Release|Any CPU.ActiveCfg = Release|Any CPU
		{E1800669-146A-A983-9590-E934443D7E05}.Release|Any CPU.Build.0 = Release|Any CPU
		{3FAE20DB-3A75-D623-BD72-44F41F62430A}.Debug|Any CPU.ActiveCfg = Debug|Any CPU
		{3FAE20DB-3A75-D623-BD72-44F41F62430A}.Debug|Any CPU.Build.0 = Debug|Any CPU
		{3FAE20DB-3A75-D623-BD72-44F41F62430A}.Release|Any CPU.ActiveCfg = Release|Any CPU
		{3FAE20DB-3A75-D623-BD72-44F41F62430A}.Release|Any CPU.Build.0 = Release|Any CPU
		{E730AD3E-95C7-63DB-DF10-58BFB2329E3E}.Debug|Any CPU.ActiveCfg = Debug|Any CPU
		{E730AD3E-95C7-63DB-DF10-58BFB2329E3E}.Debug|Any CPU.Build.0 = Debug|Any CPU
		{E730AD3E-95C7-63DB-DF10-58BFB2329E3E}.Release|Any CPU.ActiveCfg = Release|Any CPU
		{E730AD3E-95C7-63DB-DF10-58BFB2329E3E}.Release|Any CPU.Build.0 = Release|Any CPU
		{A4D0ABD0-398C-8A59-F5FE-BF2A263B74B9}.Debug|Any CPU.ActiveCfg = Debug|Any CPU
		{A4D0ABD0-398C-8A59-F5FE-BF2A263B74B9}.Debug|Any CPU.Build.0 = Debug|Any CPU
		{A4D0ABD0-398C-8A59-F5FE-BF2A263B74B9}.Release|Any CPU.ActiveCfg = Release|Any CPU
		{A4D0ABD0-398C-8A59-F5FE-BF2A263B74B9}.Release|Any CPU.Build.0 = Release|Any CPU
		{6F3CE89B-1672-2072-CD51-0ECB91070812}.Debug|Any CPU.ActiveCfg = Debug|Any CPU
		{6F3CE89B-1672-2072-CD51-0ECB91070812}.Debug|Any CPU.Build.0 = Debug|Any CPU
		{6F3CE89B-1672-2072-CD51-0ECB91070812}.Release|Any CPU.ActiveCfg = Release|Any CPU
		{6F3CE89B-1672-2072-CD51-0ECB91070812}.Release|Any CPU.Build.0 = Release|Any CPU
		{714721BD-E238-EB17-3674-BAAD6FA07D8D}.Debug|Any CPU.ActiveCfg = Debug|Any CPU
		{714721BD-E238-EB17-3674-BAAD6FA07D8D}.Debug|Any CPU.Build.0 = Debug|Any CPU
		{714721BD-E238-EB17-3674-BAAD6FA07D8D}.Release|Any CPU.ActiveCfg = Release|Any CPU
		{714721BD-E238-EB17-3674-BAAD6FA07D8D}.Release|Any CPU.Build.0 = Release|Any CPU
		{16D99FD6-E46E-B1D4-BBB2-4FE1554A90FA}.Debug|Any CPU.ActiveCfg = Debug|Any CPU
		{16D99FD6-E46E-B1D4-BBB2-4FE1554A90FA}.Debug|Any CPU.Build.0 = Debug|Any CPU
		{16D99FD6-E46E-B1D4-BBB2-4FE1554A90FA}.Release|Any CPU.ActiveCfg = Release|Any CPU
		{16D99FD6-E46E-B1D4-BBB2-4FE1554A90FA}.Release|Any CPU.Build.0 = Release|Any CPU
		{7CEB304A-F3AB-4FE0-5C37-2FF62A045921}.Debug|Any CPU.ActiveCfg = Debug|Any CPU
		{7CEB304A-F3AB-4FE0-5C37-2FF62A045921}.Debug|Any CPU.Build.0 = Debug|Any CPU
		{7CEB304A-F3AB-4FE0-5C37-2FF62A045921}.Release|Any CPU.ActiveCfg = Release|Any CPU
		{7CEB304A-F3AB-4FE0-5C37-2FF62A045921}.Release|Any CPU.Build.0 = Release|Any CPU
		{4A264310-32D8-6851-FB31-863F3CFB3F0E}.Debug|Any CPU.ActiveCfg = Debug|Any CPU
		{4A264310-32D8-6851-FB31-863F3CFB3F0E}.Debug|Any CPU.Build.0 = Debug|Any CPU
		{4A264310-32D8-6851-FB31-863F3CFB3F0E}.Release|Any CPU.ActiveCfg = Release|Any CPU
		{4A264310-32D8-6851-FB31-863F3CFB3F0E}.Release|Any CPU.Build.0 = Release|Any CPU
		{D7822677-D969-710F-6F97-27DE0D65E5F3}.Debug|Any CPU.ActiveCfg = Debug|Any CPU
		{D7822677-D969-710F-6F97-27DE0D65E5F3}.Debug|Any CPU.Build.0 = Debug|Any CPU
		{D7822677-D969-710F-6F97-27DE0D65E5F3}.Release|Any CPU.ActiveCfg = Release|Any CPU
		{D7822677-D969-710F-6F97-27DE0D65E5F3}.Release|Any CPU.Build.0 = Release|Any CPU
		{4064AEAB-93EB-6A94-94B3-ABD9DBFFF870}.Debug|Any CPU.ActiveCfg = Debug|Any CPU
		{4064AEAB-93EB-6A94-94B3-ABD9DBFFF870}.Debug|Any CPU.Build.0 = Debug|Any CPU
		{4064AEAB-93EB-6A94-94B3-ABD9DBFFF870}.Release|Any CPU.ActiveCfg = Release|Any CPU
		{4064AEAB-93EB-6A94-94B3-ABD9DBFFF870}.Release|Any CPU.Build.0 = Release|Any CPU
		{07E6B12C-E645-C243-42D3-014454938DAC}.Debug|Any CPU.ActiveCfg = Debug|Any CPU
		{07E6B12C-E645-C243-42D3-014454938DAC}.Debug|Any CPU.Build.0 = Debug|Any CPU
		{07E6B12C-E645-C243-42D3-014454938DAC}.Release|Any CPU.ActiveCfg = Release|Any CPU
		{07E6B12C-E645-C243-42D3-014454938DAC}.Release|Any CPU.Build.0 = Release|Any CPU
		{69EB411B-2877-B7FB-261E-54B452CA25CF}.Debug|Any CPU.ActiveCfg = Debug|Any CPU
		{69EB411B-2877-B7FB-261E-54B452CA25CF}.Debug|Any CPU.Build.0 = Debug|Any CPU
		{69EB411B-2877-B7FB-261E-54B452CA25CF}.Release|Any CPU.ActiveCfg = Release|Any CPU
		{69EB411B-2877-B7FB-261E-54B452CA25CF}.Release|Any CPU.Build.0 = Release|Any CPU
		{14C7C246-9625-E797-4C4B-5FFA9ABD41D6}.Debug|Any CPU.ActiveCfg = Debug|Any CPU
		{14C7C246-9625-E797-4C4B-5FFA9ABD41D6}.Debug|Any CPU.Build.0 = Debug|Any CPU
		{14C7C246-9625-E797-4C4B-5FFA9ABD41D6}.Release|Any CPU.ActiveCfg = Release|Any CPU
		{14C7C246-9625-E797-4C4B-5FFA9ABD41D6}.Release|Any CPU.Build.0 = Release|Any CPU
		{B54FC31E-8211-3B73-63CE-8010288839CF}.Debug|Any CPU.ActiveCfg = Debug|Any CPU
		{B54FC31E-8211-3B73-63CE-8010288839CF}.Debug|Any CPU.Build.0 = Debug|Any CPU
		{B54FC31E-8211-3B73-63CE-8010288839CF}.Release|Any CPU.ActiveCfg = Release|Any CPU
		{B54FC31E-8211-3B73-63CE-8010288839CF}.Release|Any CPU.Build.0 = Release|Any CPU
		{049C19F0-B27A-7C79-1133-96D73D7E3981}.Debug|Any CPU.ActiveCfg = Debug|Any CPU
		{049C19F0-B27A-7C79-1133-96D73D7E3981}.Debug|Any CPU.Build.0 = Debug|Any CPU
		{049C19F0-B27A-7C79-1133-96D73D7E3981}.Release|Any CPU.ActiveCfg = Release|Any CPU
		{049C19F0-B27A-7C79-1133-96D73D7E3981}.Release|Any CPU.Build.0 = Release|Any CPU
		{DFED4581-4BB3-EFFC-0D2F-72FE28EB45D4}.Debug|Any CPU.ActiveCfg = Debug|Any CPU
		{DFED4581-4BB3-EFFC-0D2F-72FE28EB45D4}.Debug|Any CPU.Build.0 = Debug|Any CPU
		{DFED4581-4BB3-EFFC-0D2F-72FE28EB45D4}.Release|Any CPU.ActiveCfg = Release|Any CPU
		{DFED4581-4BB3-EFFC-0D2F-72FE28EB45D4}.Release|Any CPU.Build.0 = Release|Any CPU
		{08440B67-7058-6A20-F3BC-8E404C91A1BE}.Debug|Any CPU.ActiveCfg = Debug|Any CPU
		{08440B67-7058-6A20-F3BC-8E404C91A1BE}.Debug|Any CPU.Build.0 = Debug|Any CPU
		{08440B67-7058-6A20-F3BC-8E404C91A1BE}.Release|Any CPU.ActiveCfg = Release|Any CPU
		{08440B67-7058-6A20-F3BC-8E404C91A1BE}.Release|Any CPU.Build.0 = Release|Any CPU
		{EA8400BA-0521-BAC6-DC9D-49EF7D1F9718}.Debug|Any CPU.ActiveCfg = Debug|Any CPU
		{EA8400BA-0521-BAC6-DC9D-49EF7D1F9718}.Debug|Any CPU.Build.0 = Debug|Any CPU
		{EA8400BA-0521-BAC6-DC9D-49EF7D1F9718}.Release|Any CPU.ActiveCfg = Release|Any CPU
		{EA8400BA-0521-BAC6-DC9D-49EF7D1F9718}.Release|Any CPU.Build.0 = Release|Any CPU
		{AFC20E90-BDC2-9022-2670-880286A5B3EA}.Debug|Any CPU.ActiveCfg = Debug|Any CPU
		{AFC20E90-BDC2-9022-2670-880286A5B3EA}.Debug|Any CPU.Build.0 = Debug|Any CPU
		{AFC20E90-BDC2-9022-2670-880286A5B3EA}.Release|Any CPU.ActiveCfg = Release|Any CPU
		{AFC20E90-BDC2-9022-2670-880286A5B3EA}.Release|Any CPU.Build.0 = Release|Any CPU
		{BD410706-8C7E-77B7-5B39-3878FEE20AC5}.Debug|Any CPU.ActiveCfg = Debug|Any CPU
		{BD410706-8C7E-77B7-5B39-3878FEE20AC5}.Debug|Any CPU.Build.0 = Debug|Any CPU
		{BD410706-8C7E-77B7-5B39-3878FEE20AC5}.Release|Any CPU.ActiveCfg = Release|Any CPU
		{BD410706-8C7E-77B7-5B39-3878FEE20AC5}.Release|Any CPU.Build.0 = Release|Any CPU
		{D7BB3502-6C0C-0E87-04C2-B35112EDBC8A}.Debug|Any CPU.ActiveCfg = Debug|Any CPU
		{D7BB3502-6C0C-0E87-04C2-B35112EDBC8A}.Debug|Any CPU.Build.0 = Debug|Any CPU
		{D7BB3502-6C0C-0E87-04C2-B35112EDBC8A}.Release|Any CPU.ActiveCfg = Release|Any CPU
		{D7BB3502-6C0C-0E87-04C2-B35112EDBC8A}.Release|Any CPU.Build.0 = Release|Any CPU
		{1779E0B8-573E-4836-D813-A3252F1E8576}.Debug|Any CPU.ActiveCfg = Debug|Any CPU
		{1779E0B8-573E-4836-D813-A3252F1E8576}.Debug|Any CPU.Build.0 = Debug|Any CPU
		{1779E0B8-573E-4836-D813-A3252F1E8576}.Release|Any CPU.ActiveCfg = Release|Any CPU
		{1779E0B8-573E-4836-D813-A3252F1E8576}.Release|Any CPU.Build.0 = Release|Any CPU
		{CCEF4FBA-87CC-441F-96E1-22ED26654C43}.Debug|Any CPU.ActiveCfg = Debug|Any CPU
		{CCEF4FBA-87CC-441F-96E1-22ED26654C43}.Debug|Any CPU.Build.0 = Debug|Any CPU
		{CCEF4FBA-87CC-441F-96E1-22ED26654C43}.Release|Any CPU.ActiveCfg = Release|Any CPU
		{CCEF4FBA-87CC-441F-96E1-22ED26654C43}.Release|Any CPU.Build.0 = Release|Any CPU
		{BF70EA9F-04F4-C64F-5282-BB3AA945CCF7}.Debug|Any CPU.ActiveCfg = Debug|Any CPU
		{BF70EA9F-04F4-C64F-5282-BB3AA945CCF7}.Debug|Any CPU.Build.0 = Debug|Any CPU
		{BF70EA9F-04F4-C64F-5282-BB3AA945CCF7}.Release|Any CPU.ActiveCfg = Release|Any CPU
		{BF70EA9F-04F4-C64F-5282-BB3AA945CCF7}.Release|Any CPU.Build.0 = Release|Any CPU
		{551DC973-D452-4039-1B49-27DB62C76541}.Debug|Any CPU.ActiveCfg = Debug|Any CPU
		{551DC973-D452-4039-1B49-27DB62C76541}.Debug|Any CPU.Build.0 = Debug|Any CPU
		{551DC973-D452-4039-1B49-27DB62C76541}.Release|Any CPU.ActiveCfg = Release|Any CPU
		{551DC973-D452-4039-1B49-27DB62C76541}.Release|Any CPU.Build.0 = Release|Any CPU
		{35FF6511-8DF4-0DE6-597D-97D9C253AC54}.Debug|Any CPU.ActiveCfg = Debug|Any CPU
		{35FF6511-8DF4-0DE6-597D-97D9C253AC54}.Debug|Any CPU.Build.0 = Debug|Any CPU
		{35FF6511-8DF4-0DE6-597D-97D9C253AC54}.Release|Any CPU.ActiveCfg = Release|Any CPU
		{35FF6511-8DF4-0DE6-597D-97D9C253AC54}.Release|Any CPU.Build.0 = Release|Any CPU
		{6648E2E3-D148-6816-5708-78E2C35D77D3}.Debug|Any CPU.ActiveCfg = Debug|Any CPU
		{6648E2E3-D148-6816-5708-78E2C35D77D3}.Debug|Any CPU.Build.0 = Debug|Any CPU
		{6648E2E3-D148-6816-5708-78E2C35D77D3}.Release|Any CPU.ActiveCfg = Release|Any CPU
		{6648E2E3-D148-6816-5708-78E2C35D77D3}.Release|Any CPU.Build.0 = Release|Any CPU
		{F86A6A87-11B4-F2D9-030A-D8437240BB08}.Debug|Any CPU.ActiveCfg = Debug|Any CPU
		{F86A6A87-11B4-F2D9-030A-D8437240BB08}.Debug|Any CPU.Build.0 = Debug|Any CPU
		{F86A6A87-11B4-F2D9-030A-D8437240BB08}.Release|Any CPU.ActiveCfg = Release|Any CPU
		{F86A6A87-11B4-F2D9-030A-D8437240BB08}.Release|Any CPU.Build.0 = Release|Any CPU
		{38262FED-0BA1-A420-1411-42792087BBFD}.Debug|Any CPU.ActiveCfg = Debug|Any CPU
		{38262FED-0BA1-A420-1411-42792087BBFD}.Debug|Any CPU.Build.0 = Debug|Any CPU
		{38262FED-0BA1-A420-1411-42792087BBFD}.Release|Any CPU.ActiveCfg = Release|Any CPU
		{38262FED-0BA1-A420-1411-42792087BBFD}.Release|Any CPU.Build.0 = Release|Any CPU
		{3E225B45-E811-7007-1A2E-2606D52F75F1}.Debug|Any CPU.ActiveCfg = Debug|Any CPU
		{3E225B45-E811-7007-1A2E-2606D52F75F1}.Debug|Any CPU.Build.0 = Debug|Any CPU
		{3E225B45-E811-7007-1A2E-2606D52F75F1}.Release|Any CPU.ActiveCfg = Release|Any CPU
		{3E225B45-E811-7007-1A2E-2606D52F75F1}.Release|Any CPU.Build.0 = Release|Any CPU
		{C4ACF0F9-9C2A-3A68-56B1-BA178836ADCA}.Debug|Any CPU.ActiveCfg = Debug|Any CPU
		{C4ACF0F9-9C2A-3A68-56B1-BA178836ADCA}.Debug|Any CPU.Build.0 = Debug|Any CPU
		{C4ACF0F9-9C2A-3A68-56B1-BA178836ADCA}.Release|Any CPU.ActiveCfg = Release|Any CPU
		{C4ACF0F9-9C2A-3A68-56B1-BA178836ADCA}.Release|Any CPU.Build.0 = Release|Any CPU
		{3E5B944C-781E-3792-D859-4F5496C91599}.Debug|Any CPU.ActiveCfg = Debug|Any CPU
		{3E5B944C-781E-3792-D859-4F5496C91599}.Debug|Any CPU.Build.0 = Debug|Any CPU
		{3E5B944C-781E-3792-D859-4F5496C91599}.Release|Any CPU.ActiveCfg = Release|Any CPU
		{3E5B944C-781E-3792-D859-4F5496C91599}.Release|Any CPU.Build.0 = Release|Any CPU
		{D6961B24-97D5-80A2-77A7-AE0C65769327}.Debug|Any CPU.ActiveCfg = Debug|Any CPU
		{D6961B24-97D5-80A2-77A7-AE0C65769327}.Debug|Any CPU.Build.0 = Debug|Any CPU
		{D6961B24-97D5-80A2-77A7-AE0C65769327}.Release|Any CPU.ActiveCfg = Release|Any CPU
		{D6961B24-97D5-80A2-77A7-AE0C65769327}.Release|Any CPU.Build.0 = Release|Any CPU
		{A280C508-68A3-BF96-1B24-5941188D060B}.Debug|Any CPU.ActiveCfg = Debug|Any CPU
		{A280C508-68A3-BF96-1B24-5941188D060B}.Debug|Any CPU.Build.0 = Debug|Any CPU
		{A280C508-68A3-BF96-1B24-5941188D060B}.Release|Any CPU.ActiveCfg = Release|Any CPU
		{A280C508-68A3-BF96-1B24-5941188D060B}.Release|Any CPU.Build.0 = Release|Any CPU
		{EA26D8B1-6F4F-83A3-9278-B02AF172362D}.Debug|Any CPU.ActiveCfg = Debug|Any CPU
		{EA26D8B1-6F4F-83A3-9278-B02AF172362D}.Debug|Any CPU.Build.0 = Debug|Any CPU
		{EA26D8B1-6F4F-83A3-9278-B02AF172362D}.Release|Any CPU.ActiveCfg = Release|Any CPU
		{EA26D8B1-6F4F-83A3-9278-B02AF172362D}.Release|Any CPU.Build.0 = Release|Any CPU
		{C42FDF13-7BB8-2B3D-0DB4-CBF4876616DD}.Debug|Any CPU.ActiveCfg = Debug|Any CPU
		{C42FDF13-7BB8-2B3D-0DB4-CBF4876616DD}.Debug|Any CPU.Build.0 = Debug|Any CPU
		{C42FDF13-7BB8-2B3D-0DB4-CBF4876616DD}.Release|Any CPU.ActiveCfg = Release|Any CPU
		{C42FDF13-7BB8-2B3D-0DB4-CBF4876616DD}.Release|Any CPU.Build.0 = Release|Any CPU
		{17F44579-FD16-B2F2-83CD-9E1222814AAB}.Debug|Any CPU.ActiveCfg = Debug|Any CPU
		{17F44579-FD16-B2F2-83CD-9E1222814AAB}.Debug|Any CPU.Build.0 = Debug|Any CPU
		{17F44579-FD16-B2F2-83CD-9E1222814AAB}.Release|Any CPU.ActiveCfg = Release|Any CPU
		{17F44579-FD16-B2F2-83CD-9E1222814AAB}.Release|Any CPU.Build.0 = Release|Any CPU
		{F96A0D35-913B-6435-A70A-DFC62C157EDD}.Debug|Any CPU.ActiveCfg = Debug|Any CPU
		{F96A0D35-913B-6435-A70A-DFC62C157EDD}.Debug|Any CPU.Build.0 = Debug|Any CPU
		{F96A0D35-913B-6435-A70A-DFC62C157EDD}.Release|Any CPU.ActiveCfg = Release|Any CPU
		{F96A0D35-913B-6435-A70A-DFC62C157EDD}.Release|Any CPU.Build.0 = Release|Any CPU
		{28F2A703-B385-E1C7-B943-0E5C8D08E844}.Debug|Any CPU.ActiveCfg = Debug|Any CPU
		{28F2A703-B385-E1C7-B943-0E5C8D08E844}.Debug|Any CPU.Build.0 = Debug|Any CPU
		{28F2A703-B385-E1C7-B943-0E5C8D08E844}.Release|Any CPU.ActiveCfg = Release|Any CPU
		{28F2A703-B385-E1C7-B943-0E5C8D08E844}.Release|Any CPU.Build.0 = Release|Any CPU
	EndGlobalSection
	GlobalSection(SolutionProperties) = preSolution
		HideSolutionNode = FALSE
	EndGlobalSection
EndGlobal
